// !$*UTF8*$!
{
	archiveVersion = 1;
	classes = {
	};
	objectVersion = 50;
	objects = {

/* Begin PBXBuildFile section */
		154DFC652468F4AE0098498C /* AppDelegate.m in Sources */ = {isa = PBXBuildFile; fileRef = 154DFC642468F4AE0098498C /* AppDelegate.m */; };
		154DFC6B2468F4AE0098498C /* ViewController.m in Sources */ = {isa = PBXBuildFile; fileRef = 154DFC6A2468F4AE0098498C /* ViewController.m */; };
		154DFC6E2468F4AE0098498C /* Main.storyboard in Resources */ = {isa = PBXBuildFile; fileRef = 154DFC6C2468F4AE0098498C /* Main.storyboard */; };
		154DFC702468F4B00098498C /* Assets.xcassets in Resources */ = {isa = PBXBuildFile; fileRef = 154DFC6F2468F4B00098498C /* Assets.xcassets */; };
		154DFC732468F4B00098498C /* LaunchScreen.storyboard in Resources */ = {isa = PBXBuildFile; fileRef = 154DFC712468F4B00098498C /* LaunchScreen.storyboard */; };
		154DFC762468F4B00098498C /* main.m in Sources */ = {isa = PBXBuildFile; fileRef = 154DFC752468F4B00098498C /* main.m */; };
		155F34FB246A962F00CC2C34 /* HomeCalendarVC.m in Sources */ = {isa = PBXBuildFile; fileRef = 155F34F9246A962F00CC2C34 /* HomeCalendarVC.m */; };
		155F34FC246A962F00CC2C34 /* HomeCalendarVC.xib in Resources */ = {isa = PBXBuildFile; fileRef = 155F34FA246A962F00CC2C34 /* HomeCalendarVC.xib */; };
		155F3500246A964A00CC2C34 /* HomeIndustryVC.m in Sources */ = {isa = PBXBuildFile; fileRef = 155F34FE246A964A00CC2C34 /* HomeIndustryVC.m */; };
		155F3501246A964A00CC2C34 /* HomeIndustryVC.xib in Resources */ = {isa = PBXBuildFile; fileRef = 155F34FF246A964A00CC2C34 /* HomeIndustryVC.xib */; };
		155F3505246A968800CC2C34 /* HomeExpressVC.m in Sources */ = {isa = PBXBuildFile; fileRef = 155F3503246A968800CC2C34 /* HomeExpressVC.m */; };
		155F3506246A968800CC2C34 /* HomeExpressVC.xib in Resources */ = {isa = PBXBuildFile; fileRef = 155F3504246A968800CC2C34 /* HomeExpressVC.xib */; };
		155F350A246A96D600CC2C34 /* HomeQuoteVC.m in Sources */ = {isa = PBXBuildFile; fileRef = 155F3508246A96D600CC2C34 /* HomeQuoteVC.m */; };
		155F350B246A96D600CC2C34 /* HomeQuoteVC.xib in Resources */ = {isa = PBXBuildFile; fileRef = 155F3509246A96D600CC2C34 /* HomeQuoteVC.xib */; };
		157B5571246BCE5400223176 /* HomeQuoteSecondSectionCell.m in Sources */ = {isa = PBXBuildFile; fileRef = 157B556F246BCE5400223176 /* HomeQuoteSecondSectionCell.m */; };
		157B5572246BCE5400223176 /* HomeQuoteSecondSectionCell.xib in Resources */ = {isa = PBXBuildFile; fileRef = 157B5570246BCE5400223176 /* HomeQuoteSecondSectionCell.xib */; };
		157B559C246CE71500223176 /* HomeQuoteSecondSectionFoot.xib in Resources */ = {isa = PBXBuildFile; fileRef = 157B559A246CE71500223176 /* HomeQuoteSecondSectionFoot.xib */; };
		157B55A1246CF20C00223176 /* HomeQuoteThirdSectionHead.xib in Resources */ = {isa = PBXBuildFile; fileRef = 157B559F246CF20C00223176 /* HomeQuoteThirdSectionHead.xib */; };
		157B55A6246D0E3C00223176 /* HomeQuoteFourthSectionHead.xib in Resources */ = {isa = PBXBuildFile; fileRef = 157B55A4246D0E3C00223176 /* HomeQuoteFourthSectionHead.xib */; };
		181F5036246B908500CCCBDB /* CustomTBC.m in Sources */ = {isa = PBXBuildFile; fileRef = 181F5035246B908500CCCBDB /* CustomTBC.m */; };
		185901372469221400CA7A68 /* HomeVC.m in Sources */ = {isa = PBXBuildFile; fileRef = 185901352469221400CA7A68 /* HomeVC.m */; };
		185901382469221400CA7A68 /* HomeVC.xib in Resources */ = {isa = PBXBuildFile; fileRef = 185901362469221400CA7A68 /* HomeVC.xib */; };
		1859013C24692D6B00CA7A68 /* CommunityVC.m in Sources */ = {isa = PBXBuildFile; fileRef = 1859013A24692D6B00CA7A68 /* CommunityVC.m */; };
		1859013D24692D6B00CA7A68 /* CommunityVC.xib in Resources */ = {isa = PBXBuildFile; fileRef = 1859013B24692D6B00CA7A68 /* CommunityVC.xib */; };
		1859014124692D8B00CA7A68 /* ReleaseVC.m in Sources */ = {isa = PBXBuildFile; fileRef = 1859013F24692D8B00CA7A68 /* ReleaseVC.m */; };
		1859014224692D8B00CA7A68 /* ReleaseVC.xib in Resources */ = {isa = PBXBuildFile; fileRef = 1859014024692D8B00CA7A68 /* ReleaseVC.xib */; };
		1859014624692F3800CA7A68 /* QuotesVC.m in Sources */ = {isa = PBXBuildFile; fileRef = 1859014424692F3800CA7A68 /* QuotesVC.m */; };
		1859014724692F3800CA7A68 /* QuoteVC.xib in Resources */ = {isa = PBXBuildFile; fileRef = 1859014524692F3800CA7A68 /* QuoteVC.xib */; };
		1859014B246933DB00CA7A68 /* MineVC.m in Sources */ = {isa = PBXBuildFile; fileRef = 18590149246933DB00CA7A68 /* MineVC.m */; };
		1859014C246933DB00CA7A68 /* MineVC.xib in Resources */ = {isa = PBXBuildFile; fileRef = 1859014A246933DB00CA7A68 /* MineVC.xib */; };
		185901522469462800CA7A68 /* UIImage+OriginalImage.m in Sources */ = {isa = PBXBuildFile; fileRef = 185901512469462800CA7A68 /* UIImage+OriginalImage.m */; };
/* End PBXBuildFile section */

/* Begin PBXFileReference section */
		154DFC602468F4AE0098498C /* futures.app */ = {isa = PBXFileReference; explicitFileType = wrapper.application; includeInIndex = 0; path = futures.app; sourceTree = BUILT_PRODUCTS_DIR; };
		154DFC632468F4AE0098498C /* AppDelegate.h */ = {isa = PBXFileReference; lastKnownFileType = sourcecode.c.h; path = AppDelegate.h; sourceTree = "<group>"; };
		154DFC642468F4AE0098498C /* AppDelegate.m */ = {isa = PBXFileReference; lastKnownFileType = sourcecode.c.objc; path = AppDelegate.m; sourceTree = "<group>"; };
		154DFC692468F4AE0098498C /* ViewController.h */ = {isa = PBXFileReference; lastKnownFileType = sourcecode.c.h; path = ViewController.h; sourceTree = "<group>"; };
		154DFC6A2468F4AE0098498C /* ViewController.m */ = {isa = PBXFileReference; lastKnownFileType = sourcecode.c.objc; path = ViewController.m; sourceTree = "<group>"; };
		154DFC6D2468F4AE0098498C /* Base */ = {isa = PBXFileReference; lastKnownFileType = file.storyboard; name = Base; path = Base.lproj/Main.storyboard; sourceTree = "<group>"; };
		154DFC6F2468F4B00098498C /* Assets.xcassets */ = {isa = PBXFileReference; lastKnownFileType = folder.assetcatalog; path = Assets.xcassets; sourceTree = "<group>"; };
		154DFC722468F4B00098498C /* Base */ = {isa = PBXFileReference; lastKnownFileType = file.storyboard; name = Base; path = Base.lproj/LaunchScreen.storyboard; sourceTree = "<group>"; };
		154DFC742468F4B00098498C /* Info.plist */ = {isa = PBXFileReference; lastKnownFileType = text.plist.xml; path = Info.plist; sourceTree = "<group>"; };
		154DFC752468F4B00098498C /* main.m */ = {isa = PBXFileReference; lastKnownFileType = sourcecode.c.objc; path = main.m; sourceTree = "<group>"; };
		155F34F8246A962F00CC2C34 /* HomeCalendarVC.h */ = {isa = PBXFileReference; lastKnownFileType = sourcecode.c.h; path = HomeCalendarVC.h; sourceTree = "<group>"; };
		155F34F9246A962F00CC2C34 /* HomeCalendarVC.m */ = {isa = PBXFileReference; lastKnownFileType = sourcecode.c.objc; path = HomeCalendarVC.m; sourceTree = "<group>"; };
		155F34FA246A962F00CC2C34 /* HomeCalendarVC.xib */ = {isa = PBXFileReference; lastKnownFileType = file.xib; path = HomeCalendarVC.xib; sourceTree = "<group>"; };
		155F34FD246A964A00CC2C34 /* HomeIndustryVC.h */ = {isa = PBXFileReference; lastKnownFileType = sourcecode.c.h; path = HomeIndustryVC.h; sourceTree = "<group>"; };
		155F34FE246A964A00CC2C34 /* HomeIndustryVC.m */ = {isa = PBXFileReference; lastKnownFileType = sourcecode.c.objc; path = HomeIndustryVC.m; sourceTree = "<group>"; };
		155F34FF246A964A00CC2C34 /* HomeIndustryVC.xib */ = {isa = PBXFileReference; lastKnownFileType = file.xib; path = HomeIndustryVC.xib; sourceTree = "<group>"; };
		155F3502246A968800CC2C34 /* HomeExpressVC.h */ = {isa = PBXFileReference; lastKnownFileType = sourcecode.c.h; path = HomeExpressVC.h; sourceTree = "<group>"; };
		155F3503246A968800CC2C34 /* HomeExpressVC.m */ = {isa = PBXFileReference; lastKnownFileType = sourcecode.c.objc; path = HomeExpressVC.m; sourceTree = "<group>"; };
		155F3504246A968800CC2C34 /* HomeExpressVC.xib */ = {isa = PBXFileReference; lastKnownFileType = file.xib; path = HomeExpressVC.xib; sourceTree = "<group>"; };
		155F3507246A96D600CC2C34 /* HomeQuoteVC.h */ = {isa = PBXFileReference; lastKnownFileType = sourcecode.c.h; path = HomeQuoteVC.h; sourceTree = "<group>"; };
		155F3508246A96D600CC2C34 /* HomeQuoteVC.m */ = {isa = PBXFileReference; lastKnownFileType = sourcecode.c.objc; path = HomeQuoteVC.m; sourceTree = "<group>"; };
		155F3509246A96D600CC2C34 /* HomeQuoteVC.xib */ = {isa = PBXFileReference; lastKnownFileType = file.xib; path = HomeQuoteVC.xib; sourceTree = "<group>"; };
		157B556E246BCE5400223176 /* HomeQuoteSecondSectionCell.h */ = {isa = PBXFileReference; lastKnownFileType = sourcecode.c.h; path = HomeQuoteSecondSectionCell.h; sourceTree = "<group>"; };
		157B556F246BCE5400223176 /* HomeQuoteSecondSectionCell.m */ = {isa = PBXFileReference; lastKnownFileType = sourcecode.c.objc; path = HomeQuoteSecondSectionCell.m; sourceTree = "<group>"; };
		157B5570246BCE5400223176 /* HomeQuoteSecondSectionCell.xib */ = {isa = PBXFileReference; lastKnownFileType = file.xib; path = HomeQuoteSecondSectionCell.xib; sourceTree = "<group>"; };
		157B559A246CE71500223176 /* HomeQuoteSecondSectionFoot.xib */ = {isa = PBXFileReference; lastKnownFileType = file.xib; path = HomeQuoteSecondSectionFoot.xib; sourceTree = "<group>"; };
		157B559F246CF20C00223176 /* HomeQuoteThirdSectionHead.xib */ = {isa = PBXFileReference; lastKnownFileType = file.xib; path = HomeQuoteThirdSectionHead.xib; sourceTree = "<group>"; };
		157B55A4246D0E3C00223176 /* HomeQuoteFourthSectionHead.xib */ = {isa = PBXFileReference; lastKnownFileType = file.xib; path = HomeQuoteFourthSectionHead.xib; sourceTree = "<group>"; };
		181F5034246B908500CCCBDB /* CustomTBC.h */ = {isa = PBXFileReference; fileEncoding = 4; lastKnownFileType = sourcecode.c.h; path = CustomTBC.h; sourceTree = "<group>"; };
		181F5035246B908500CCCBDB /* CustomTBC.m */ = {isa = PBXFileReference; fileEncoding = 4; lastKnownFileType = sourcecode.c.objc; path = CustomTBC.m; sourceTree = "<group>"; };
		185901342469221400CA7A68 /* HomeVC.h */ = {isa = PBXFileReference; lastKnownFileType = sourcecode.c.h; path = HomeVC.h; sourceTree = "<group>"; };
		185901352469221400CA7A68 /* HomeVC.m */ = {isa = PBXFileReference; lastKnownFileType = sourcecode.c.objc; path = HomeVC.m; sourceTree = "<group>"; };
		185901362469221400CA7A68 /* HomeVC.xib */ = {isa = PBXFileReference; lastKnownFileType = file.xib; path = HomeVC.xib; sourceTree = "<group>"; };
		1859013924692D6B00CA7A68 /* CommunityVC.h */ = {isa = PBXFileReference; lastKnownFileType = sourcecode.c.h; path = CommunityVC.h; sourceTree = "<group>"; };
		1859013A24692D6B00CA7A68 /* CommunityVC.m */ = {isa = PBXFileReference; lastKnownFileType = sourcecode.c.objc; path = CommunityVC.m; sourceTree = "<group>"; };
		1859013B24692D6B00CA7A68 /* CommunityVC.xib */ = {isa = PBXFileReference; lastKnownFileType = file.xib; path = CommunityVC.xib; sourceTree = "<group>"; };
		1859013E24692D8B00CA7A68 /* ReleaseVC.h */ = {isa = PBXFileReference; lastKnownFileType = sourcecode.c.h; path = ReleaseVC.h; sourceTree = "<group>"; };
		1859013F24692D8B00CA7A68 /* ReleaseVC.m */ = {isa = PBXFileReference; lastKnownFileType = sourcecode.c.objc; path = ReleaseVC.m; sourceTree = "<group>"; };
		1859014024692D8B00CA7A68 /* ReleaseVC.xib */ = {isa = PBXFileReference; lastKnownFileType = file.xib; path = ReleaseVC.xib; sourceTree = "<group>"; };
		1859014324692F3800CA7A68 /* QuotesVC.h */ = {isa = PBXFileReference; lastKnownFileType = sourcecode.c.h; path = QuotesVC.h; sourceTree = "<group>"; };
		1859014424692F3800CA7A68 /* QuotesVC.m */ = {isa = PBXFileReference; lastKnownFileType = sourcecode.c.objc; path = QuotesVC.m; sourceTree = "<group>"; };
		1859014524692F3800CA7A68 /* QuoteVC.xib */ = {isa = PBXFileReference; lastKnownFileType = file.xib; path = QuoteVC.xib; sourceTree = "<group>"; };
		18590148246933DB00CA7A68 /* MineVC.h */ = {isa = PBXFileReference; lastKnownFileType = sourcecode.c.h; path = MineVC.h; sourceTree = "<group>"; };
		18590149246933DB00CA7A68 /* MineVC.m */ = {isa = PBXFileReference; lastKnownFileType = sourcecode.c.objc; path = MineVC.m; sourceTree = "<group>"; };
		1859014A246933DB00CA7A68 /* MineVC.xib */ = {isa = PBXFileReference; lastKnownFileType = file.xib; path = MineVC.xib; sourceTree = "<group>"; };
		185901502469462800CA7A68 /* UIImage+OriginalImage.h */ = {isa = PBXFileReference; lastKnownFileType = sourcecode.c.h; path = "UIImage+OriginalImage.h"; sourceTree = "<group>"; };
		185901512469462800CA7A68 /* UIImage+OriginalImage.m */ = {isa = PBXFileReference; lastKnownFileType = sourcecode.c.objc; path = "UIImage+OriginalImage.m"; sourceTree = "<group>"; };
/* End PBXFileReference section */

/* Begin PBXFrameworksBuildPhase section */
		154DFC5D2468F4AE0098498C /* Frameworks */ = {
			isa = PBXFrameworksBuildPhase;
			buildActionMask = 2147483647;
			files = (
			);
			runOnlyForDeploymentPostprocessing = 0;
		};
/* End PBXFrameworksBuildPhase section */

/* Begin PBXGroup section */
		154DFC572468F4AE0098498C = {
			isa = PBXGroup;
			children = (
				154DFC622468F4AE0098498C /* futures */,
				154DFC612468F4AE0098498C /* Products */,
			);
			sourceTree = "<group>";
		};
		154DFC612468F4AE0098498C /* Products */ = {
			isa = PBXGroup;
			children = (
				154DFC602468F4AE0098498C /* futures.app */,
			);
			name = Products;
			sourceTree = "<group>";
		};
		154DFC622468F4AE0098498C /* futures */ = {
			isa = PBXGroup;
			children = (
				18590131246921A100CA7A68 /* M */,
				18590132246921B100CA7A68 /* V */,
				18590133246921B800CA7A68 /* C */,
				154DFC632468F4AE0098498C /* AppDelegate.h */,
				154DFC642468F4AE0098498C /* AppDelegate.m */,
				154DFC692468F4AE0098498C /* ViewController.h */,
				154DFC6A2468F4AE0098498C /* ViewController.m */,
				154DFC6C2468F4AE0098498C /* Main.storyboard */,
				154DFC6F2468F4B00098498C /* Assets.xcassets */,
				154DFC712468F4B00098498C /* LaunchScreen.storyboard */,
				154DFC742468F4B00098498C /* Info.plist */,
				154DFC752468F4B00098498C /* main.m */,
				185901502469462800CA7A68 /* UIImage+OriginalImage.h */,
				185901512469462800CA7A68 /* UIImage+OriginalImage.m */,
			);
			path = futures;
			sourceTree = "<group>";
		};
		18590131246921A100CA7A68 /* M */ = {
			isa = PBXGroup;
			children = (
			);
			path = M;
			sourceTree = "<group>";
		};
		18590132246921B100CA7A68 /* V */ = {
			isa = PBXGroup;
			children = (
			);
			path = V;
			sourceTree = "<group>";
		};
		18590133246921B800CA7A68 /* C */ = {
			isa = PBXGroup;
			children = (
				181F5034246B908500CCCBDB /* CustomTBC.h */,
				181F5035246B908500CCCBDB /* CustomTBC.m */,
				185901342469221400CA7A68 /* HomeVC.h */,
				185901352469221400CA7A68 /* HomeVC.m */,
				185901362469221400CA7A68 /* HomeVC.xib */,
				157B556E246BCE5400223176 /* HomeQuoteSecondSectionCell.h */,
				157B556F246BCE5400223176 /* HomeQuoteSecondSectionCell.m */,
				157B5570246BCE5400223176 /* HomeQuoteSecondSectionCell.xib */,
				157B559A246CE71500223176 /* HomeQuoteSecondSectionFoot.xib */,
				157B559F246CF20C00223176 /* HomeQuoteThirdSectionHead.xib */,
				157B55A4246D0E3C00223176 /* HomeQuoteFourthSectionHead.xib */,
				155F34F8246A962F00CC2C34 /* HomeCalendarVC.h */,
				155F34F9246A962F00CC2C34 /* HomeCalendarVC.m */,
				155F34FA246A962F00CC2C34 /* HomeCalendarVC.xib */,
				155F34FD246A964A00CC2C34 /* HomeIndustryVC.h */,
				155F34FE246A964A00CC2C34 /* HomeIndustryVC.m */,
				155F34FF246A964A00CC2C34 /* HomeIndustryVC.xib */,
				155F3502246A968800CC2C34 /* HomeExpressVC.h */,
				155F3503246A968800CC2C34 /* HomeExpressVC.m */,
				155F3504246A968800CC2C34 /* HomeExpressVC.xib */,
				155F3507246A96D600CC2C34 /* HomeQuoteVC.h */,
				155F3508246A96D600CC2C34 /* HomeQuoteVC.m */,
				155F3509246A96D600CC2C34 /* HomeQuoteVC.xib */,
				1859013924692D6B00CA7A68 /* CommunityVC.h */,
				1859013A24692D6B00CA7A68 /* CommunityVC.m */,
				1859013B24692D6B00CA7A68 /* CommunityVC.xib */,
				1859013E24692D8B00CA7A68 /* ReleaseVC.h */,
				1859013F24692D8B00CA7A68 /* ReleaseVC.m */,
				1859014024692D8B00CA7A68 /* ReleaseVC.xib */,
				1859014324692F3800CA7A68 /* QuotesVC.h */,
				1859014424692F3800CA7A68 /* QuotesVC.m */,
				1859014524692F3800CA7A68 /* QuoteVC.xib */,
				18590148246933DB00CA7A68 /* MineVC.h */,
				18590149246933DB00CA7A68 /* MineVC.m */,
				1859014A246933DB00CA7A68 /* MineVC.xib */,
			);
			path = C;
			sourceTree = "<group>";
		};
/* End PBXGroup section */

/* Begin PBXNativeTarget section */
		154DFC5F2468F4AE0098498C /* futures */ = {
			isa = PBXNativeTarget;
			buildConfigurationList = 154DFC792468F4B00098498C /* Build configuration list for PBXNativeTarget "futures" */;
			buildPhases = (
				154DFC5C2468F4AE0098498C /* Sources */,
				154DFC5D2468F4AE0098498C /* Frameworks */,
				154DFC5E2468F4AE0098498C /* Resources */,
			);
			buildRules = (
			);
			dependencies = (
			);
			name = futures;
			productName = futures;
			productReference = 154DFC602468F4AE0098498C /* futures.app */;
			productType = "com.apple.product-type.application";
		};
/* End PBXNativeTarget section */

/* Begin PBXProject section */
		154DFC582468F4AE0098498C /* Project object */ = {
			isa = PBXProject;
			attributes = {
				LastUpgradeCheck = 1140;
				ORGANIZATIONNAME = Francis;
				TargetAttributes = {
					154DFC5F2468F4AE0098498C = {
						CreatedOnToolsVersion = 11.4.1;
					};
				};
			};
			buildConfigurationList = 154DFC5B2468F4AE0098498C /* Build configuration list for PBXProject "futures" */;
			compatibilityVersion = "Xcode 9.3";
			developmentRegion = en;
			hasScannedForEncodings = 0;
			knownRegions = (
				en,
				Base,
			);
			mainGroup = 154DFC572468F4AE0098498C;
			productRefGroup = 154DFC612468F4AE0098498C /* Products */;
			projectDirPath = "";
			projectRoot = "";
			targets = (
				154DFC5F2468F4AE0098498C /* futures */,
			);
		};
/* End PBXProject section */

/* Begin PBXResourcesBuildPhase section */
		154DFC5E2468F4AE0098498C /* Resources */ = {
			isa = PBXResourcesBuildPhase;
			buildActionMask = 2147483647;
			files = (
				155F350B246A96D600CC2C34 /* HomeQuoteVC.xib in Resources */,
				157B55A6246D0E3C00223176 /* HomeQuoteFourthSectionHead.xib in Resources */,
				1859014224692D8B00CA7A68 /* ReleaseVC.xib in Resources */,
				154DFC732468F4B00098498C /* LaunchScreen.storyboard in Resources */,
				155F34FC246A962F00CC2C34 /* HomeCalendarVC.xib in Resources */,
				155F3501246A964A00CC2C34 /* HomeIndustryVC.xib in Resources */,
				185901382469221400CA7A68 /* HomeVC.xib in Resources */,
				154DFC702468F4B00098498C /* Assets.xcassets in Resources */,
				154DFC6E2468F4AE0098498C /* Main.storyboard in Resources */,
				1859014C246933DB00CA7A68 /* MineVC.xib in Resources */,
				157B559C246CE71500223176 /* HomeQuoteSecondSectionFoot.xib in Resources */,
				157B55A1246CF20C00223176 /* HomeQuoteThirdSectionHead.xib in Resources */,
				1859014724692F3800CA7A68 /* QuoteVC.xib in Resources */,
				157B5572246BCE5400223176 /* HomeQuoteSecondSectionCell.xib in Resources */,
				155F3506246A968800CC2C34 /* HomeExpressVC.xib in Resources */,
				1859013D24692D6B00CA7A68 /* CommunityVC.xib in Resources */,
			);
			runOnlyForDeploymentPostprocessing = 0;
		};
/* End PBXResourcesBuildPhase section */

/* Begin PBXSourcesBuildPhase section */
		154DFC5C2468F4AE0098498C /* Sources */ = {
			isa = PBXSourcesBuildPhase;
			buildActionMask = 2147483647;
			files = (
				181F5036246B908500CCCBDB /* CustomTBC.m in Sources */,
				1859013C24692D6B00CA7A68 /* CommunityVC.m in Sources */,
				154DFC6B2468F4AE0098498C /* ViewController.m in Sources */,
				185901372469221400CA7A68 /* HomeVC.m in Sources */,
				154DFC652468F4AE0098498C /* AppDelegate.m in Sources */,
				1859014124692D8B00CA7A68 /* ReleaseVC.m in Sources */,
				1859014B246933DB00CA7A68 /* MineVC.m in Sources */,
				155F350A246A96D600CC2C34 /* HomeQuoteVC.m in Sources */,
				155F3500246A964A00CC2C34 /* HomeIndustryVC.m in Sources */,
				154DFC762468F4B00098498C /* main.m in Sources */,
				155F34FB246A962F00CC2C34 /* HomeCalendarVC.m in Sources */,
				185901522469462800CA7A68 /* UIImage+OriginalImage.m in Sources */,
				157B5571246BCE5400223176 /* HomeQuoteSecondSectionCell.m in Sources */,
				155F3505246A968800CC2C34 /* HomeExpressVC.m in Sources */,
				1859014624692F3800CA7A68 /* QuotesVC.m in Sources */,
			);
			runOnlyForDeploymentPostprocessing = 0;
		};
/* End PBXSourcesBuildPhase section */

/* Begin PBXVariantGroup section */
		154DFC6C2468F4AE0098498C /* Main.storyboard */ = {
			isa = PBXVariantGroup;
			children = (
				154DFC6D2468F4AE0098498C /* Base */,
			);
			name = Main.storyboard;
			sourceTree = "<group>";
		};
		154DFC712468F4B00098498C /* LaunchScreen.storyboard */ = {
			isa = PBXVariantGroup;
			children = (
				154DFC722468F4B00098498C /* Base */,
			);
			name = LaunchScreen.storyboard;
			sourceTree = "<group>";
		};
/* End PBXVariantGroup section */

/* Begin XCBuildConfiguration section */
		154DFC772468F4B00098498C /* Debug */ = {
			isa = XCBuildConfiguration;
			buildSettings = {
				ALWAYS_SEARCH_USER_PATHS = NO;
				CLANG_ANALYZER_NONNULL = YES;
				CLANG_ANALYZER_NUMBER_OBJECT_CONVERSION = YES_AGGRESSIVE;
				CLANG_CXX_LANGUAGE_STANDARD = "gnu++14";
				CLANG_CXX_LIBRARY = "libc++";
				CLANG_ENABLE_MODULES = YES;
				CLANG_ENABLE_OBJC_ARC = YES;
				CLANG_ENABLE_OBJC_WEAK = YES;
				CLANG_WARN_BLOCK_CAPTURE_AUTORELEASING = YES;
				CLANG_WARN_BOOL_CONVERSION = YES;
				CLANG_WARN_COMMA = YES;
				CLANG_WARN_CONSTANT_CONVERSION = YES;
				CLANG_WARN_DEPRECATED_OBJC_IMPLEMENTATIONS = YES;
				CLANG_WARN_DIRECT_OBJC_ISA_USAGE = YES_ERROR;
				CLANG_WARN_DOCUMENTATION_COMMENTS = YES;
				CLANG_WARN_EMPTY_BODY = YES;
				CLANG_WARN_ENUM_CONVERSION = YES;
				CLANG_WARN_INFINITE_RECURSION = YES;
				CLANG_WARN_INT_CONVERSION = YES;
				CLANG_WARN_NON_LITERAL_NULL_CONVERSION = YES;
				CLANG_WARN_OBJC_IMPLICIT_RETAIN_SELF = YES;
				CLANG_WARN_OBJC_LITERAL_CONVERSION = YES;
				CLANG_WARN_OBJC_ROOT_CLASS = YES_ERROR;
				CLANG_WARN_RANGE_LOOP_ANALYSIS = YES;
				CLANG_WARN_STRICT_PROTOTYPES = YES;
				CLANG_WARN_SUSPICIOUS_MOVE = YES;
				CLANG_WARN_UNGUARDED_AVAILABILITY = YES_AGGRESSIVE;
				CLANG_WARN_UNREACHABLE_CODE = YES;
				CLANG_WARN__DUPLICATE_METHOD_MATCH = YES;
				COPY_PHASE_STRIP = NO;
				DEBUG_INFORMATION_FORMAT = dwarf;
				ENABLE_STRICT_OBJC_MSGSEND = YES;
				ENABLE_TESTABILITY = YES;
				GCC_C_LANGUAGE_STANDARD = gnu11;
				GCC_DYNAMIC_NO_PIC = NO;
				GCC_NO_COMMON_BLOCKS = YES;
				GCC_OPTIMIZATION_LEVEL = 0;
				GCC_PREPROCESSOR_DEFINITIONS = (
					"DEBUG=1",
					"$(inherited)",
				);
				GCC_WARN_64_TO_32_BIT_CONVERSION = YES;
				GCC_WARN_ABOUT_RETURN_TYPE = YES_ERROR;
				GCC_WARN_UNDECLARED_SELECTOR = YES;
				GCC_WARN_UNINITIALIZED_AUTOS = YES_AGGRESSIVE;
				GCC_WARN_UNUSED_FUNCTION = YES;
				GCC_WARN_UNUSED_VARIABLE = YES;
				IPHONEOS_DEPLOYMENT_TARGET = 13.4;
				MTL_ENABLE_DEBUG_INFO = INCLUDE_SOURCE;
				MTL_FAST_MATH = YES;
				ONLY_ACTIVE_ARCH = YES;
				SDKROOT = iphoneos;
			};
			name = Debug;
		};
		154DFC782468F4B00098498C /* Release */ = {
			isa = XCBuildConfiguration;
			buildSettings = {
				ALWAYS_SEARCH_USER_PATHS = NO;
				CLANG_ANALYZER_NONNULL = YES;
				CLANG_ANALYZER_NUMBER_OBJECT_CONVERSION = YES_AGGRESSIVE;
				CLANG_CXX_LANGUAGE_STANDARD = "gnu++14";
				CLANG_CXX_LIBRARY = "libc++";
				CLANG_ENABLE_MODULES = YES;
				CLANG_ENABLE_OBJC_ARC = YES;
				CLANG_ENABLE_OBJC_WEAK = YES;
				CLANG_WARN_BLOCK_CAPTURE_AUTORELEASING = YES;
				CLANG_WARN_BOOL_CONVERSION = YES;
				CLANG_WARN_COMMA = YES;
				CLANG_WARN_CONSTANT_CONVERSION = YES;
				CLANG_WARN_DEPRECATED_OBJC_IMPLEMENTATIONS = YES;
				CLANG_WARN_DIRECT_OBJC_ISA_USAGE = YES_ERROR;
				CLANG_WARN_DOCUMENTATION_COMMENTS = YES;
				CLANG_WARN_EMPTY_BODY = YES;
				CLANG_WARN_ENUM_CONVERSION = YES;
				CLANG_WARN_INFINITE_RECURSION = YES;
				CLANG_WARN_INT_CONVERSION = YES;
				CLANG_WARN_NON_LITERAL_NULL_CONVERSION = YES;
				CLANG_WARN_OBJC_IMPLICIT_RETAIN_SELF = YES;
				CLANG_WARN_OBJC_LITERAL_CONVERSION = YES;
				CLANG_WARN_OBJC_ROOT_CLASS = YES_ERROR;
				CLANG_WARN_RANGE_LOOP_ANALYSIS = YES;
				CLANG_WARN_STRICT_PROTOTYPES = YES;
				CLANG_WARN_SUSPICIOUS_MOVE = YES;
				CLANG_WARN_UNGUARDED_AVAILABILITY = YES_AGGRESSIVE;
				CLANG_WARN_UNREACHABLE_CODE = YES;
				CLANG_WARN__DUPLICATE_METHOD_MATCH = YES;
				COPY_PHASE_STRIP = NO;
				DEBUG_INFORMATION_FORMAT = "dwarf-with-dsym";
				ENABLE_NS_ASSERTIONS = NO;
				ENABLE_STRICT_OBJC_MSGSEND = YES;
				GCC_C_LANGUAGE_STANDARD = gnu11;
				GCC_NO_COMMON_BLOCKS = YES;
				GCC_WARN_64_TO_32_BIT_CONVERSION = YES;
				GCC_WARN_ABOUT_RETURN_TYPE = YES_ERROR;
				GCC_WARN_UNDECLARED_SELECTOR = YES;
				GCC_WARN_UNINITIALIZED_AUTOS = YES_AGGRESSIVE;
				GCC_WARN_UNUSED_FUNCTION = YES;
				GCC_WARN_UNUSED_VARIABLE = YES;
				IPHONEOS_DEPLOYMENT_TARGET = 13.4;
				MTL_ENABLE_DEBUG_INFO = NO;
				MTL_FAST_MATH = YES;
				SDKROOT = iphoneos;
				VALIDATE_PRODUCT = YES;
			};
			name = Release;
		};
		154DFC7A2468F4B00098498C /* Debug */ = {
			isa = XCBuildConfiguration;
			buildSettings = {
				ASSETCATALOG_COMPILER_APPICON_NAME = AppIcon;
				CODE_SIGN_STYLE = Automatic;
				DEVELOPMENT_TEAM = A84QXBXH2V;
				INFOPLIST_FILE = futures/Info.plist;
				LD_RUNPATH_SEARCH_PATHS = (
					"$(inherited)",
					"@executable_path/Frameworks",
				);
				PRODUCT_BUNDLE_IDENTIFIER = mo.futures;
				PRODUCT_NAME = "$(TARGET_NAME)";
				TARGETED_DEVICE_FAMILY = "1,2";
			};
			name = Debug;
		};
		154DFC7B2468F4B00098498C /* Release */ = {
			isa = XCBuildConfiguration;
			buildSettings = {
				ASSETCATALOG_COMPILER_APPICON_NAME = AppIcon;
				CODE_SIGN_STYLE = Automatic;
				DEVELOPMENT_TEAM = A84QXBXH2V;
				INFOPLIST_FILE = futures/Info.plist;
				LD_RUNPATH_SEARCH_PATHS = (
					"$(inherited)",
					"@executable_path/Frameworks",
				);
				PRODUCT_BUNDLE_IDENTIFIER = mo.futures;
				PRODUCT_NAME = "$(TARGET_NAME)";
				TARGETED_DEVICE_FAMILY = "1,2";
			};
			name = Release;
		};
/* End XCBuildConfiguration section */

/* Begin XCConfigurationList section */
		154DFC5B2468F4AE0098498C /* Build configuration list for PBXProject "futures" */ = {
			isa = XCConfigurationList;
			buildConfigurations = (
				154DFC772468F4B00098498C /* Debug */,
				154DFC782468F4B00098498C /* Release */,
			);
			defaultConfigurationIsVisible = 0;
			defaultConfigurationName = Release;
		};
		154DFC792468F4B00098498C /* Build configuration list for PBXNativeTarget "futures" */ = {
			isa = XCConfigurationList;
			buildConfigurations = (
				154DFC7A2468F4B00098498C /* Debug */,
				154DFC7B2468F4B00098498C /* Release */,
			);
			defaultConfigurationIsVisible = 0;
			defaultConfigurationName = Release;
		};
/* End XCConfigurationList section */
	};
	rootObject = 154DFC582468F4AE0098498C /* Project object */;
}
