// !$*UTF8*$!
{
	archiveVersion = 1;
	classes = {
	};
	objectVersion = 51;
	objects = {

/* Begin PBXBuildFile section */
		151AC1932472595D00EAE0BD /* ZKCycleScrollView.m in Sources */ = {isa = PBXBuildFile; fileRef = 151AC1902472595D00EAE0BD /* ZKCycleScrollView.m */; };
		151AC1942472595D00EAE0BD /* ZKCycleScrollViewFlowLayout.m in Sources */ = {isa = PBXBuildFile; fileRef = 151AC1922472595D00EAE0BD /* ZKCycleScrollViewFlowLayout.m */; };
		151AC199247259A500EAE0BD /* MXZHomeFirstSectionCollectionViewCell.m in Sources */ = {isa = PBXBuildFile; fileRef = 151AC195247259A400EAE0BD /* MXZHomeFirstSectionCollectionViewCell.m */; };
		151AC19A247259A500EAE0BD /* MXZHomeNavSearchView.xib in Resources */ = {isa = PBXBuildFile; fileRef = 151AC196247259A400EAE0BD /* MXZHomeNavSearchView.xib */; };
		151AC19B247259A500EAE0BD /* MXZHomeFirstSectionCollectionViewCell.xib in Resources */ = {isa = PBXBuildFile; fileRef = 151AC197247259A500EAE0BD /* MXZHomeFirstSectionCollectionViewCell.xib */; };
		151AC19F24726AAF00EAE0BD /* MXZIndustryTableViewCell.m in Sources */ = {isa = PBXBuildFile; fileRef = 151AC19D24726AAF00EAE0BD /* MXZIndustryTableViewCell.m */; };
		151AC1A024726AAF00EAE0BD /* MXZIndustryTableViewCell.xib in Resources */ = {isa = PBXBuildFile; fileRef = 151AC19E24726AAF00EAE0BD /* MXZIndustryTableViewCell.xib */; };
		15263696246E771D00D01BE0 /* MXZHomeQuoteVC.xib in Resources */ = {isa = PBXBuildFile; fileRef = 15263677246E771D00D01BE0 /* MXZHomeQuoteVC.xib */; };
		15263697246E771D00D01BE0 /* MXZHomeExpressVC.xib in Resources */ = {isa = PBXBuildFile; fileRef = 15263678246E771D00D01BE0 /* MXZHomeExpressVC.xib */; };
		15263698246E771D00D01BE0 /* MXZHomeCalendarVC.xib in Resources */ = {isa = PBXBuildFile; fileRef = 1526367A246E771D00D01BE0 /* MXZHomeCalendarVC.xib */; };
		15263699246E771D00D01BE0 /* MXZHomeQuoteVC.m in Sources */ = {isa = PBXBuildFile; fileRef = 1526367C246E771D00D01BE0 /* MXZHomeQuoteVC.m */; };
		1526369A246E771D00D01BE0 /* MXZHomeVC.m in Sources */ = {isa = PBXBuildFile; fileRef = 1526367E246E771D00D01BE0 /* MXZHomeVC.m */; };
		1526369B246E771D00D01BE0 /* MXZHomeIndustryVC.m in Sources */ = {isa = PBXBuildFile; fileRef = 1526367F246E771D00D01BE0 /* MXZHomeIndustryVC.m */; };
		1526369C246E771D00D01BE0 /* MXZHomeExpressVC.m in Sources */ = {isa = PBXBuildFile; fileRef = 15263680246E771D00D01BE0 /* MXZHomeExpressVC.m */; };
		1526369D246E771D00D01BE0 /* MXZHomeVC.xib in Resources */ = {isa = PBXBuildFile; fileRef = 15263681246E771D00D01BE0 /* MXZHomeVC.xib */; };
		1526369E246E771D00D01BE0 /* MXZHomeCalendarVC.m in Sources */ = {isa = PBXBuildFile; fileRef = 15263683246E771D00D01BE0 /* MXZHomeCalendarVC.m */; };
		1526369F246E771D00D01BE0 /* MXZHomeIndustryVC.xib in Resources */ = {isa = PBXBuildFile; fileRef = 15263684246E771D00D01BE0 /* MXZHomeIndustryVC.xib */; };
		152636A0246E771D00D01BE0 /* MXZHomeFourthSectionCell.xib in Resources */ = {isa = PBXBuildFile; fileRef = 15263687246E771D00D01BE0 /* MXZHomeFourthSectionCell.xib */; };
		152636A1246E771D00D01BE0 /* MXZHomeSecondSectionCell.m in Sources */ = {isa = PBXBuildFile; fileRef = 15263689246E771D00D01BE0 /* MXZHomeSecondSectionCell.m */; };
		152636A2246E771D00D01BE0 /* MXZHomeFourthCollectionCell.m in Sources */ = {isa = PBXBuildFile; fileRef = 1526368A246E771D00D01BE0 /* MXZHomeFourthCollectionCell.m */; };
		152636A3246E771D00D01BE0 /* MXZHomeThirdSectionHeadView.xib in Resources */ = {isa = PBXBuildFile; fileRef = 1526368B246E771D00D01BE0 /* MXZHomeThirdSectionHeadView.xib */; };
		152636A4246E771D00D01BE0 /* MXZHomeFourthCollectionCell.xib in Resources */ = {isa = PBXBuildFile; fileRef = 1526368C246E771D00D01BE0 /* MXZHomeFourthCollectionCell.xib */; };
		152636A5246E771D00D01BE0 /* MXZHomeFourthSectionCell.m in Sources */ = {isa = PBXBuildFile; fileRef = 1526368D246E771D00D01BE0 /* MXZHomeFourthSectionCell.m */; };
		152636A6246E771D00D01BE0 /* MXZHomeFourthSectionHeadView.xib in Resources */ = {isa = PBXBuildFile; fileRef = 1526368E246E771D00D01BE0 /* MXZHomeFourthSectionHeadView.xib */; };
		152636A7246E771D00D01BE0 /* MXZHomeFifthSectionCell.m in Sources */ = {isa = PBXBuildFile; fileRef = 1526368F246E771D00D01BE0 /* MXZHomeFifthSectionCell.m */; };
		152636A8246E771D00D01BE0 /* MXZHomeFifthSectionCell.xib in Resources */ = {isa = PBXBuildFile; fileRef = 15263690246E771D00D01BE0 /* MXZHomeFifthSectionCell.xib */; };
		152636A9246E771D00D01BE0 /* MXZHomeSecondSectionFootView.xib in Resources */ = {isa = PBXBuildFile; fileRef = 15263691246E771D00D01BE0 /* MXZHomeSecondSectionFootView.xib */; };
		152636AA246E771D00D01BE0 /* MXZHomeSecondSectionCell.xib in Resources */ = {isa = PBXBuildFile; fileRef = 15263694246E771D00D01BE0 /* MXZHomeSecondSectionCell.xib */; };
		154DFC652468F4AE0098498C /* AppDelegate.m in Sources */ = {isa = PBXBuildFile; fileRef = 154DFC642468F4AE0098498C /* AppDelegate.m */; };
		154DFC702468F4B00098498C /* Assets.xcassets in Resources */ = {isa = PBXBuildFile; fileRef = 154DFC6F2468F4B00098498C /* Assets.xcassets */; };
		154DFC732468F4B00098498C /* LaunchScreen.storyboard in Resources */ = {isa = PBXBuildFile; fileRef = 154DFC712468F4B00098498C /* LaunchScreen.storyboard */; };
		154DFC762468F4B00098498C /* main.m in Sources */ = {isa = PBXBuildFile; fileRef = 154DFC752468F4B00098498C /* main.m */; };
		181F5036246B908500CCCBDB /* CustomTBC.m in Sources */ = {isa = PBXBuildFile; fileRef = 181F5035246B908500CCCBDB /* CustomTBC.m */; };
		1859014124692D8B00CA7A68 /* PublishVC.m in Sources */ = {isa = PBXBuildFile; fileRef = 1859013F24692D8B00CA7A68 /* PublishVC.m */; };
		1859014224692D8B00CA7A68 /* PublishVC.xib in Resources */ = {isa = PBXBuildFile; fileRef = 1859014024692D8B00CA7A68 /* PublishVC.xib */; };
		1859014B246933DB00CA7A68 /* MineVC.m in Sources */ = {isa = PBXBuildFile; fileRef = 18590149246933DB00CA7A68 /* MineVC.m */; };
		1859014C246933DB00CA7A68 /* MineVC.xib in Resources */ = {isa = PBXBuildFile; fileRef = 1859014A246933DB00CA7A68 /* MineVC.xib */; };
		185901522469462800CA7A68 /* UIImage+OriginalImage.m in Sources */ = {isa = PBXBuildFile; fileRef = 185901512469462800CA7A68 /* UIImage+OriginalImage.m */; };
		185AC2A1246E87A7006EC3E6 /* ZZHQuoteTimeVC.xib in Resources */ = {isa = PBXBuildFile; fileRef = 185AC293246E87A5006EC3E6 /* ZZHQuoteTimeVC.xib */; };
		185AC2A2246E87A7006EC3E6 /* ZZHQuoteCalendarVC.m in Sources */ = {isa = PBXBuildFile; fileRef = 185AC295246E87A5006EC3E6 /* ZZHQuoteCalendarVC.m */; };
		185AC2A3246E87A7006EC3E6 /* ZZHQuotesVC.m in Sources */ = {isa = PBXBuildFile; fileRef = 185AC297246E87A5006EC3E6 /* ZZHQuotesVC.m */; };
		185AC2A4246E87A7006EC3E6 /* ZZHQuoteTimeVC.m in Sources */ = {isa = PBXBuildFile; fileRef = 185AC298246E87A5006EC3E6 /* ZZHQuoteTimeVC.m */; };
		185AC2A5246E87A7006EC3E6 /* ZZHQuoteNewsVC.m in Sources */ = {isa = PBXBuildFile; fileRef = 185AC299246E87A6006EC3E6 /* ZZHQuoteNewsVC.m */; };
		185AC2A6246E87A7006EC3E6 /* ZZHQuoteNewsVC.xib in Resources */ = {isa = PBXBuildFile; fileRef = 185AC29A246E87A6006EC3E6 /* ZZHQuoteNewsVC.xib */; };
		185AC2A7246E87A7006EC3E6 /* ZZHQuoteIndustryVC.m in Sources */ = {isa = PBXBuildFile; fileRef = 185AC29B246E87A6006EC3E6 /* ZZHQuoteIndustryVC.m */; };
		185AC2A8246E87A7006EC3E6 /* ZZHQuoteIndustryVC.xib in Resources */ = {isa = PBXBuildFile; fileRef = 185AC29C246E87A6006EC3E6 /* ZZHQuoteIndustryVC.xib */; };
		185AC2A9246E87A7006EC3E6 /* ZZHQuotesVC.xib in Resources */ = {isa = PBXBuildFile; fileRef = 185AC29D246E87A6006EC3E6 /* ZZHQuotesVC.xib */; };
		185AC2AA246E87A7006EC3E6 /* ZZHQuoteCalendarVC.xib in Resources */ = {isa = PBXBuildFile; fileRef = 185AC2A0246E87A7006EC3E6 /* ZZHQuoteCalendarVC.xib */; };
		185AC2AD246E899D006EC3E6 /* UIColor+Hex.m in Sources */ = {isa = PBXBuildFile; fileRef = 185AC2AC246E899D006EC3E6 /* UIColor+Hex.m */; };
		189BD81C246D1B9400490E35 /* MineModel.m in Sources */ = {isa = PBXBuildFile; fileRef = 189BD81B246D1B9400490E35 /* MineModel.m */; };
		189BD820246D45C300490E35 /* CommunityChildAVC.m in Sources */ = {isa = PBXBuildFile; fileRef = 189BD81E246D45C300490E35 /* CommunityChildAVC.m */; };
		189BD821246D45C300490E35 /* CommunityChildAVC.xib in Resources */ = {isa = PBXBuildFile; fileRef = 189BD81F246D45C300490E35 /* CommunityChildAVC.xib */; };
		18A584872472544400C0437F /* ContentBaseViewController.m in Sources */ = {isa = PBXBuildFile; fileRef = 18A584842472544400C0437F /* ContentBaseViewController.m */; };
		18A584882472544400C0437F /* ListViewController.m in Sources */ = {isa = PBXBuildFile; fileRef = 18A584862472544400C0437F /* ListViewController.m */; };
		18A5849324726CDB00C0437F /* CommunityBannerCell.m in Sources */ = {isa = PBXBuildFile; fileRef = 18A5849224726CDB00C0437F /* CommunityBannerCell.m */; };
		18AA2BC2246E23B1000801B1 /* CommunityChildBVC.m in Sources */ = {isa = PBXBuildFile; fileRef = 18AA2BC0246E23B1000801B1 /* CommunityChildBVC.m */; };
		18AA2BC3246E23B1000801B1 /* CommunityChildBVC.xib in Resources */ = {isa = PBXBuildFile; fileRef = 18AA2BC1246E23B1000801B1 /* CommunityChildBVC.xib */; };
		18BD94F5247290D5005A84B5 /* CommunityVC.m in Sources */ = {isa = PBXBuildFile; fileRef = 18BD94F2247290D4005A84B5 /* CommunityVC.m */; };
		18BD94F6247290D5005A84B5 /* CommunityVC.xib in Resources */ = {isa = PBXBuildFile; fileRef = 18BD94F3247290D4005A84B5 /* CommunityVC.xib */; };
		18C2DE182473788900116E2E /* CommunityBannerViewCell.m in Sources */ = {isa = PBXBuildFile; fileRef = 18C2DE162473788900116E2E /* CommunityBannerViewCell.m */; };
		18C2DE192473788900116E2E /* CommunityBannerViewCell.xib in Resources */ = {isa = PBXBuildFile; fileRef = 18C2DE172473788900116E2E /* CommunityBannerViewCell.xib */; };
		18C2DE1D2473892E00116E2E /* CommunityTopicCell.m in Sources */ = {isa = PBXBuildFile; fileRef = 18C2DE1B2473892E00116E2E /* CommunityTopicCell.m */; };
		18C2DE1E2473892E00116E2E /* CommunityTopicCell.xib in Resources */ = {isa = PBXBuildFile; fileRef = 18C2DE1C2473892E00116E2E /* CommunityTopicCell.xib */; };
		18C2DE222473BB1C00116E2E /* CommunityTopicViewCell.m in Sources */ = {isa = PBXBuildFile; fileRef = 18C2DE202473BB1C00116E2E /* CommunityTopicViewCell.m */; };
		18C2DE232473BB1C00116E2E /* CommunityTopicViewCell.xib in Resources */ = {isa = PBXBuildFile; fileRef = 18C2DE212473BB1C00116E2E /* CommunityTopicViewCell.xib */; };
		18C2DE272473C97300116E2E /* CommunityTopicModel.m in Sources */ = {isa = PBXBuildFile; fileRef = 18C2DE262473C97300116E2E /* CommunityTopicModel.m */; };
		43596A819B66D10178A0882C /* Pods_futures.framework in Frameworks */ = {isa = PBXBuildFile; fileRef = C66967DA234F0732F071AFCD /* Pods_futures.framework */; };
/* End PBXBuildFile section */

/* Begin PBXFileReference section */
		151AC18F2472595D00EAE0BD /* ZKCycleScrollViewFlowLayout.h */ = {isa = PBXFileReference; fileEncoding = 4; lastKnownFileType = sourcecode.c.h; path = ZKCycleScrollViewFlowLayout.h; sourceTree = "<group>"; };
		151AC1902472595D00EAE0BD /* ZKCycleScrollView.m */ = {isa = PBXFileReference; fileEncoding = 4; lastKnownFileType = sourcecode.c.objc; path = ZKCycleScrollView.m; sourceTree = "<group>"; };
		151AC1912472595D00EAE0BD /* ZKCycleScrollView.h */ = {isa = PBXFileReference; fileEncoding = 4; lastKnownFileType = sourcecode.c.h; path = ZKCycleScrollView.h; sourceTree = "<group>"; };
		151AC1922472595D00EAE0BD /* ZKCycleScrollViewFlowLayout.m */ = {isa = PBXFileReference; fileEncoding = 4; lastKnownFileType = sourcecode.c.objc; path = ZKCycleScrollViewFlowLayout.m; sourceTree = "<group>"; };
		151AC195247259A400EAE0BD /* MXZHomeFirstSectionCollectionViewCell.m */ = {isa = PBXFileReference; fileEncoding = 4; lastKnownFileType = sourcecode.c.objc; path = MXZHomeFirstSectionCollectionViewCell.m; sourceTree = "<group>"; };
		151AC196247259A400EAE0BD /* MXZHomeNavSearchView.xib */ = {isa = PBXFileReference; fileEncoding = 4; lastKnownFileType = file.xib; path = MXZHomeNavSearchView.xib; sourceTree = "<group>"; };
		151AC197247259A500EAE0BD /* MXZHomeFirstSectionCollectionViewCell.xib */ = {isa = PBXFileReference; fileEncoding = 4; lastKnownFileType = file.xib; path = MXZHomeFirstSectionCollectionViewCell.xib; sourceTree = "<group>"; };
		151AC198247259A500EAE0BD /* MXZHomeFirstSectionCollectionViewCell.h */ = {isa = PBXFileReference; fileEncoding = 4; lastKnownFileType = sourcecode.c.h; path = MXZHomeFirstSectionCollectionViewCell.h; sourceTree = "<group>"; };
		151AC19C24726AAF00EAE0BD /* MXZIndustryTableViewCell.h */ = {isa = PBXFileReference; lastKnownFileType = sourcecode.c.h; path = MXZIndustryTableViewCell.h; sourceTree = "<group>"; };
		151AC19D24726AAF00EAE0BD /* MXZIndustryTableViewCell.m */ = {isa = PBXFileReference; lastKnownFileType = sourcecode.c.objc; path = MXZIndustryTableViewCell.m; sourceTree = "<group>"; };
		151AC19E24726AAF00EAE0BD /* MXZIndustryTableViewCell.xib */ = {isa = PBXFileReference; lastKnownFileType = file.xib; path = MXZIndustryTableViewCell.xib; sourceTree = "<group>"; };
		15263677246E771D00D01BE0 /* MXZHomeQuoteVC.xib */ = {isa = PBXFileReference; fileEncoding = 4; lastKnownFileType = file.xib; path = MXZHomeQuoteVC.xib; sourceTree = "<group>"; };
		15263678246E771D00D01BE0 /* MXZHomeExpressVC.xib */ = {isa = PBXFileReference; fileEncoding = 4; lastKnownFileType = file.xib; path = MXZHomeExpressVC.xib; sourceTree = "<group>"; };
		15263679246E771D00D01BE0 /* MXZHomeIndustryVC.h */ = {isa = PBXFileReference; fileEncoding = 4; lastKnownFileType = sourcecode.c.h; path = MXZHomeIndustryVC.h; sourceTree = "<group>"; };
		1526367A246E771D00D01BE0 /* MXZHomeCalendarVC.xib */ = {isa = PBXFileReference; fileEncoding = 4; lastKnownFileType = file.xib; path = MXZHomeCalendarVC.xib; sourceTree = "<group>"; };
		1526367B246E771D00D01BE0 /* MXZHomeExpressVC.h */ = {isa = PBXFileReference; fileEncoding = 4; lastKnownFileType = sourcecode.c.h; path = MXZHomeExpressVC.h; sourceTree = "<group>"; };
		1526367C246E771D00D01BE0 /* MXZHomeQuoteVC.m */ = {isa = PBXFileReference; fileEncoding = 4; lastKnownFileType = sourcecode.c.objc; path = MXZHomeQuoteVC.m; sourceTree = "<group>"; };
		1526367D246E771D00D01BE0 /* MXZHomeCalendarVC.h */ = {isa = PBXFileReference; fileEncoding = 4; lastKnownFileType = sourcecode.c.h; path = MXZHomeCalendarVC.h; sourceTree = "<group>"; };
		1526367E246E771D00D01BE0 /* MXZHomeVC.m */ = {isa = PBXFileReference; fileEncoding = 4; lastKnownFileType = sourcecode.c.objc; path = MXZHomeVC.m; sourceTree = "<group>"; };
		1526367F246E771D00D01BE0 /* MXZHomeIndustryVC.m */ = {isa = PBXFileReference; fileEncoding = 4; lastKnownFileType = sourcecode.c.objc; path = MXZHomeIndustryVC.m; sourceTree = "<group>"; };
		15263680246E771D00D01BE0 /* MXZHomeExpressVC.m */ = {isa = PBXFileReference; fileEncoding = 4; lastKnownFileType = sourcecode.c.objc; path = MXZHomeExpressVC.m; sourceTree = "<group>"; };
		15263681246E771D00D01BE0 /* MXZHomeVC.xib */ = {isa = PBXFileReference; fileEncoding = 4; lastKnownFileType = file.xib; path = MXZHomeVC.xib; sourceTree = "<group>"; };
		15263682246E771D00D01BE0 /* MXZHomeVC.h */ = {isa = PBXFileReference; fileEncoding = 4; lastKnownFileType = sourcecode.c.h; path = MXZHomeVC.h; sourceTree = "<group>"; };
		15263683246E771D00D01BE0 /* MXZHomeCalendarVC.m */ = {isa = PBXFileReference; fileEncoding = 4; lastKnownFileType = sourcecode.c.objc; path = MXZHomeCalendarVC.m; sourceTree = "<group>"; };
		15263684246E771D00D01BE0 /* MXZHomeIndustryVC.xib */ = {isa = PBXFileReference; fileEncoding = 4; lastKnownFileType = file.xib; path = MXZHomeIndustryVC.xib; sourceTree = "<group>"; };
		15263685246E771D00D01BE0 /* MXZHomeQuoteVC.h */ = {isa = PBXFileReference; fileEncoding = 4; lastKnownFileType = sourcecode.c.h; path = MXZHomeQuoteVC.h; sourceTree = "<group>"; };
		15263687246E771D00D01BE0 /* MXZHomeFourthSectionCell.xib */ = {isa = PBXFileReference; fileEncoding = 4; lastKnownFileType = file.xib; path = MXZHomeFourthSectionCell.xib; sourceTree = "<group>"; };
		15263688246E771D00D01BE0 /* MXZHomeFifthSectionCell.h */ = {isa = PBXFileReference; fileEncoding = 4; lastKnownFileType = sourcecode.c.h; path = MXZHomeFifthSectionCell.h; sourceTree = "<group>"; };
		15263689246E771D00D01BE0 /* MXZHomeSecondSectionCell.m */ = {isa = PBXFileReference; fileEncoding = 4; lastKnownFileType = sourcecode.c.objc; path = MXZHomeSecondSectionCell.m; sourceTree = "<group>"; };
		1526368A246E771D00D01BE0 /* MXZHomeFourthCollectionCell.m */ = {isa = PBXFileReference; fileEncoding = 4; lastKnownFileType = sourcecode.c.objc; path = MXZHomeFourthCollectionCell.m; sourceTree = "<group>"; };
		1526368B246E771D00D01BE0 /* MXZHomeThirdSectionHeadView.xib */ = {isa = PBXFileReference; fileEncoding = 4; lastKnownFileType = file.xib; path = MXZHomeThirdSectionHeadView.xib; sourceTree = "<group>"; };
		1526368C246E771D00D01BE0 /* MXZHomeFourthCollectionCell.xib */ = {isa = PBXFileReference; fileEncoding = 4; lastKnownFileType = file.xib; path = MXZHomeFourthCollectionCell.xib; sourceTree = "<group>"; };
		1526368D246E771D00D01BE0 /* MXZHomeFourthSectionCell.m */ = {isa = PBXFileReference; fileEncoding = 4; lastKnownFileType = sourcecode.c.objc; path = MXZHomeFourthSectionCell.m; sourceTree = "<group>"; };
		1526368E246E771D00D01BE0 /* MXZHomeFourthSectionHeadView.xib */ = {isa = PBXFileReference; fileEncoding = 4; lastKnownFileType = file.xib; path = MXZHomeFourthSectionHeadView.xib; sourceTree = "<group>"; };
		1526368F246E771D00D01BE0 /* MXZHomeFifthSectionCell.m */ = {isa = PBXFileReference; fileEncoding = 4; lastKnownFileType = sourcecode.c.objc; path = MXZHomeFifthSectionCell.m; sourceTree = "<group>"; };
		15263690246E771D00D01BE0 /* MXZHomeFifthSectionCell.xib */ = {isa = PBXFileReference; fileEncoding = 4; lastKnownFileType = file.xib; path = MXZHomeFifthSectionCell.xib; sourceTree = "<group>"; };
		15263691246E771D00D01BE0 /* MXZHomeSecondSectionFootView.xib */ = {isa = PBXFileReference; fileEncoding = 4; lastKnownFileType = file.xib; path = MXZHomeSecondSectionFootView.xib; sourceTree = "<group>"; };
		15263692246E771D00D01BE0 /* MXZHomeFourthCollectionCell.h */ = {isa = PBXFileReference; fileEncoding = 4; lastKnownFileType = sourcecode.c.h; path = MXZHomeFourthCollectionCell.h; sourceTree = "<group>"; };
		15263693246E771D00D01BE0 /* MXZHomeSecondSectionCell.h */ = {isa = PBXFileReference; fileEncoding = 4; lastKnownFileType = sourcecode.c.h; path = MXZHomeSecondSectionCell.h; sourceTree = "<group>"; };
		15263694246E771D00D01BE0 /* MXZHomeSecondSectionCell.xib */ = {isa = PBXFileReference; fileEncoding = 4; lastKnownFileType = file.xib; path = MXZHomeSecondSectionCell.xib; sourceTree = "<group>"; };
		15263695246E771D00D01BE0 /* MXZHomeFourthSectionCell.h */ = {isa = PBXFileReference; fileEncoding = 4; lastKnownFileType = sourcecode.c.h; path = MXZHomeFourthSectionCell.h; sourceTree = "<group>"; };
		154DFC602468F4AE0098498C /* futures.app */ = {isa = PBXFileReference; explicitFileType = wrapper.application; includeInIndex = 0; path = futures.app; sourceTree = BUILT_PRODUCTS_DIR; };
		154DFC632468F4AE0098498C /* AppDelegate.h */ = {isa = PBXFileReference; lastKnownFileType = sourcecode.c.h; path = AppDelegate.h; sourceTree = "<group>"; };
		154DFC642468F4AE0098498C /* AppDelegate.m */ = {isa = PBXFileReference; lastKnownFileType = sourcecode.c.objc; path = AppDelegate.m; sourceTree = "<group>"; };
		154DFC6F2468F4B00098498C /* Assets.xcassets */ = {isa = PBXFileReference; lastKnownFileType = folder.assetcatalog; path = Assets.xcassets; sourceTree = "<group>"; };
		154DFC722468F4B00098498C /* Base */ = {isa = PBXFileReference; lastKnownFileType = file.storyboard; name = Base; path = Base.lproj/LaunchScreen.storyboard; sourceTree = "<group>"; };
		154DFC742468F4B00098498C /* Info.plist */ = {isa = PBXFileReference; lastKnownFileType = text.plist.xml; path = Info.plist; sourceTree = "<group>"; };
		154DFC752468F4B00098498C /* main.m */ = {isa = PBXFileReference; lastKnownFileType = sourcecode.c.objc; path = main.m; sourceTree = "<group>"; };
		181F5034246B908500CCCBDB /* CustomTBC.h */ = {isa = PBXFileReference; fileEncoding = 4; lastKnownFileType = sourcecode.c.h; path = CustomTBC.h; sourceTree = "<group>"; };
		181F5035246B908500CCCBDB /* CustomTBC.m */ = {isa = PBXFileReference; fileEncoding = 4; lastKnownFileType = sourcecode.c.objc; path = CustomTBC.m; sourceTree = "<group>"; };
		1859013E24692D8B00CA7A68 /* PublishVC.h */ = {isa = PBXFileReference; lastKnownFileType = sourcecode.c.h; path = PublishVC.h; sourceTree = "<group>"; };
		1859013F24692D8B00CA7A68 /* PublishVC.m */ = {isa = PBXFileReference; lastKnownFileType = sourcecode.c.objc; path = PublishVC.m; sourceTree = "<group>"; };
		1859014024692D8B00CA7A68 /* PublishVC.xib */ = {isa = PBXFileReference; lastKnownFileType = file.xib; path = PublishVC.xib; sourceTree = "<group>"; };
		18590148246933DB00CA7A68 /* MineVC.h */ = {isa = PBXFileReference; lastKnownFileType = sourcecode.c.h; path = MineVC.h; sourceTree = "<group>"; };
		18590149246933DB00CA7A68 /* MineVC.m */ = {isa = PBXFileReference; lastKnownFileType = sourcecode.c.objc; path = MineVC.m; sourceTree = "<group>"; };
		1859014A246933DB00CA7A68 /* MineVC.xib */ = {isa = PBXFileReference; lastKnownFileType = file.xib; path = MineVC.xib; sourceTree = "<group>"; };
		185901502469462800CA7A68 /* UIImage+OriginalImage.h */ = {isa = PBXFileReference; lastKnownFileType = sourcecode.c.h; path = "UIImage+OriginalImage.h"; sourceTree = "<group>"; };
		185901512469462800CA7A68 /* UIImage+OriginalImage.m */ = {isa = PBXFileReference; lastKnownFileType = sourcecode.c.objc; path = "UIImage+OriginalImage.m"; sourceTree = "<group>"; };
		185AC292246E87A5006EC3E6 /* ZZHQuoteTimeVC.h */ = {isa = PBXFileReference; fileEncoding = 4; lastKnownFileType = sourcecode.c.h; path = ZZHQuoteTimeVC.h; sourceTree = "<group>"; };
		185AC293246E87A5006EC3E6 /* ZZHQuoteTimeVC.xib */ = {isa = PBXFileReference; fileEncoding = 4; lastKnownFileType = file.xib; path = ZZHQuoteTimeVC.xib; sourceTree = "<group>"; };
		185AC294246E87A5006EC3E6 /* ZZHQuotesVC.h */ = {isa = PBXFileReference; fileEncoding = 4; lastKnownFileType = sourcecode.c.h; path = ZZHQuotesVC.h; sourceTree = "<group>"; };
		185AC295246E87A5006EC3E6 /* ZZHQuoteCalendarVC.m */ = {isa = PBXFileReference; fileEncoding = 4; lastKnownFileType = sourcecode.c.objc; path = ZZHQuoteCalendarVC.m; sourceTree = "<group>"; };
		185AC296246E87A5006EC3E6 /* ZZHQuoteIndustryVC.h */ = {isa = PBXFileReference; fileEncoding = 4; lastKnownFileType = sourcecode.c.h; path = ZZHQuoteIndustryVC.h; sourceTree = "<group>"; };
		185AC297246E87A5006EC3E6 /* ZZHQuotesVC.m */ = {isa = PBXFileReference; fileEncoding = 4; lastKnownFileType = sourcecode.c.objc; path = ZZHQuotesVC.m; sourceTree = "<group>"; };
		185AC298246E87A5006EC3E6 /* ZZHQuoteTimeVC.m */ = {isa = PBXFileReference; fileEncoding = 4; lastKnownFileType = sourcecode.c.objc; path = ZZHQuoteTimeVC.m; sourceTree = "<group>"; };
		185AC299246E87A6006EC3E6 /* ZZHQuoteNewsVC.m */ = {isa = PBXFileReference; fileEncoding = 4; lastKnownFileType = sourcecode.c.objc; path = ZZHQuoteNewsVC.m; sourceTree = "<group>"; };
		185AC29A246E87A6006EC3E6 /* ZZHQuoteNewsVC.xib */ = {isa = PBXFileReference; fileEncoding = 4; lastKnownFileType = file.xib; path = ZZHQuoteNewsVC.xib; sourceTree = "<group>"; };
		185AC29B246E87A6006EC3E6 /* ZZHQuoteIndustryVC.m */ = {isa = PBXFileReference; fileEncoding = 4; lastKnownFileType = sourcecode.c.objc; path = ZZHQuoteIndustryVC.m; sourceTree = "<group>"; };
		185AC29C246E87A6006EC3E6 /* ZZHQuoteIndustryVC.xib */ = {isa = PBXFileReference; fileEncoding = 4; lastKnownFileType = file.xib; path = ZZHQuoteIndustryVC.xib; sourceTree = "<group>"; };
		185AC29D246E87A6006EC3E6 /* ZZHQuotesVC.xib */ = {isa = PBXFileReference; fileEncoding = 4; lastKnownFileType = file.xib; path = ZZHQuotesVC.xib; sourceTree = "<group>"; };
		185AC29E246E87A6006EC3E6 /* ZZHQuoteNewsVC.h */ = {isa = PBXFileReference; fileEncoding = 4; lastKnownFileType = sourcecode.c.h; path = ZZHQuoteNewsVC.h; sourceTree = "<group>"; };
		185AC29F246E87A6006EC3E6 /* ZZHQuoteCalendarVC.h */ = {isa = PBXFileReference; fileEncoding = 4; lastKnownFileType = sourcecode.c.h; path = ZZHQuoteCalendarVC.h; sourceTree = "<group>"; };
		185AC2A0246E87A7006EC3E6 /* ZZHQuoteCalendarVC.xib */ = {isa = PBXFileReference; fileEncoding = 4; lastKnownFileType = file.xib; path = ZZHQuoteCalendarVC.xib; sourceTree = "<group>"; };
		185AC2AB246E899D006EC3E6 /* UIColor+Hex.h */ = {isa = PBXFileReference; lastKnownFileType = sourcecode.c.h; path = "UIColor+Hex.h"; sourceTree = "<group>"; };
		185AC2AC246E899D006EC3E6 /* UIColor+Hex.m */ = {isa = PBXFileReference; lastKnownFileType = sourcecode.c.objc; path = "UIColor+Hex.m"; sourceTree = "<group>"; };
		189BD81A246D1B9400490E35 /* MineModel.h */ = {isa = PBXFileReference; lastKnownFileType = sourcecode.c.h; path = MineModel.h; sourceTree = "<group>"; };
		189BD81B246D1B9400490E35 /* MineModel.m */ = {isa = PBXFileReference; lastKnownFileType = sourcecode.c.objc; path = MineModel.m; sourceTree = "<group>"; };
		189BD81D246D45C300490E35 /* CommunityChildAVC.h */ = {isa = PBXFileReference; lastKnownFileType = sourcecode.c.h; path = CommunityChildAVC.h; sourceTree = "<group>"; };
		189BD81E246D45C300490E35 /* CommunityChildAVC.m */ = {isa = PBXFileReference; lastKnownFileType = sourcecode.c.objc; path = CommunityChildAVC.m; sourceTree = "<group>"; };
		189BD81F246D45C300490E35 /* CommunityChildAVC.xib */ = {isa = PBXFileReference; lastKnownFileType = file.xib; path = CommunityChildAVC.xib; sourceTree = "<group>"; };
		18A584832472544400C0437F /* ContentBaseViewController.h */ = {isa = PBXFileReference; fileEncoding = 4; lastKnownFileType = sourcecode.c.h; path = ContentBaseViewController.h; sourceTree = "<group>"; };
		18A584842472544400C0437F /* ContentBaseViewController.m */ = {isa = PBXFileReference; fileEncoding = 4; lastKnownFileType = sourcecode.c.objc; path = ContentBaseViewController.m; sourceTree = "<group>"; };
		18A584852472544400C0437F /* ListViewController.h */ = {isa = PBXFileReference; fileEncoding = 4; lastKnownFileType = sourcecode.c.h; path = ListViewController.h; sourceTree = "<group>"; };
		18A584862472544400C0437F /* ListViewController.m */ = {isa = PBXFileReference; fileEncoding = 4; lastKnownFileType = sourcecode.c.objc; path = ListViewController.m; sourceTree = "<group>"; };
		18A5849124726CDB00C0437F /* CommunityBannerCell.h */ = {isa = PBXFileReference; lastKnownFileType = sourcecode.c.h; path = CommunityBannerCell.h; sourceTree = "<group>"; };
		18A5849224726CDB00C0437F /* CommunityBannerCell.m */ = {isa = PBXFileReference; lastKnownFileType = sourcecode.c.objc; path = CommunityBannerCell.m; sourceTree = "<group>"; };
		18AA2BBF246E23B1000801B1 /* CommunityChildBVC.h */ = {isa = PBXFileReference; lastKnownFileType = sourcecode.c.h; path = CommunityChildBVC.h; sourceTree = "<group>"; };
		18AA2BC0246E23B1000801B1 /* CommunityChildBVC.m */ = {isa = PBXFileReference; lastKnownFileType = sourcecode.c.objc; path = CommunityChildBVC.m; sourceTree = "<group>"; };
		18AA2BC1246E23B1000801B1 /* CommunityChildBVC.xib */ = {isa = PBXFileReference; lastKnownFileType = file.xib; path = CommunityChildBVC.xib; sourceTree = "<group>"; };
		18B55136246BCCDA00E80DEB /* PrefixHeader.pch */ = {isa = PBXFileReference; lastKnownFileType = sourcecode.c.h; path = PrefixHeader.pch; sourceTree = "<group>"; };
		18BD94F2247290D4005A84B5 /* CommunityVC.m */ = {isa = PBXFileReference; fileEncoding = 4; lastKnownFileType = sourcecode.c.objc; path = CommunityVC.m; sourceTree = "<group>"; };
		18BD94F3247290D4005A84B5 /* CommunityVC.xib */ = {isa = PBXFileReference; fileEncoding = 4; lastKnownFileType = file.xib; path = CommunityVC.xib; sourceTree = "<group>"; };
		18BD94F4247290D5005A84B5 /* CommunityVC.h */ = {isa = PBXFileReference; fileEncoding = 4; lastKnownFileType = sourcecode.c.h; path = CommunityVC.h; sourceTree = "<group>"; };
		18C2DE152473788900116E2E /* CommunityBannerViewCell.h */ = {isa = PBXFileReference; lastKnownFileType = sourcecode.c.h; path = CommunityBannerViewCell.h; sourceTree = "<group>"; };
		18C2DE162473788900116E2E /* CommunityBannerViewCell.m */ = {isa = PBXFileReference; lastKnownFileType = sourcecode.c.objc; path = CommunityBannerViewCell.m; sourceTree = "<group>"; };
		18C2DE172473788900116E2E /* CommunityBannerViewCell.xib */ = {isa = PBXFileReference; lastKnownFileType = file.xib; path = CommunityBannerViewCell.xib; sourceTree = "<group>"; };
		18C2DE1A2473892E00116E2E /* CommunityTopicCell.h */ = {isa = PBXFileReference; lastKnownFileType = sourcecode.c.h; path = CommunityTopicCell.h; sourceTree = "<group>"; };
		18C2DE1B2473892E00116E2E /* CommunityTopicCell.m */ = {isa = PBXFileReference; lastKnownFileType = sourcecode.c.objc; path = CommunityTopicCell.m; sourceTree = "<group>"; };
		18C2DE1C2473892E00116E2E /* CommunityTopicCell.xib */ = {isa = PBXFileReference; lastKnownFileType = file.xib; path = CommunityTopicCell.xib; sourceTree = "<group>"; };
		18C2DE1F2473BB1C00116E2E /* CommunityTopicViewCell.h */ = {isa = PBXFileReference; lastKnownFileType = sourcecode.c.h; path = CommunityTopicViewCell.h; sourceTree = "<group>"; };
		18C2DE202473BB1C00116E2E /* CommunityTopicViewCell.m */ = {isa = PBXFileReference; lastKnownFileType = sourcecode.c.objc; path = CommunityTopicViewCell.m; sourceTree = "<group>"; };
		18C2DE212473BB1C00116E2E /* CommunityTopicViewCell.xib */ = {isa = PBXFileReference; lastKnownFileType = file.xib; path = CommunityTopicViewCell.xib; sourceTree = "<group>"; };
		18C2DE252473C97300116E2E /* CommunityTopicModel.h */ = {isa = PBXFileReference; lastKnownFileType = sourcecode.c.h; path = CommunityTopicModel.h; sourceTree = "<group>"; };
		18C2DE262473C97300116E2E /* CommunityTopicModel.m */ = {isa = PBXFileReference; lastKnownFileType = sourcecode.c.objc; path = CommunityTopicModel.m; sourceTree = "<group>"; };
		1E8A6C0CB72502A19B418054 /* Pods-futures.release.xcconfig */ = {isa = PBXFileReference; includeInIndex = 1; lastKnownFileType = text.xcconfig; name = "Pods-futures.release.xcconfig"; path = "Target Support Files/Pods-futures/Pods-futures.release.xcconfig"; sourceTree = "<group>"; };
		2918599DF26764A44CB6CA12 /* Pods-futures.debug.xcconfig */ = {isa = PBXFileReference; includeInIndex = 1; lastKnownFileType = text.xcconfig; name = "Pods-futures.debug.xcconfig"; path = "Target Support Files/Pods-futures/Pods-futures.debug.xcconfig"; sourceTree = "<group>"; };
		C66967DA234F0732F071AFCD /* Pods_futures.framework */ = {isa = PBXFileReference; explicitFileType = wrapper.framework; includeInIndex = 0; path = Pods_futures.framework; sourceTree = BUILT_PRODUCTS_DIR; };
/* End PBXFileReference section */

/* Begin PBXFrameworksBuildPhase section */
		154DFC5D2468F4AE0098498C /* Frameworks */ = {
			isa = PBXFrameworksBuildPhase;
			buildActionMask = 2147483647;
			files = (
				43596A819B66D10178A0882C /* Pods_futures.framework in Frameworks */,
			);
			runOnlyForDeploymentPostprocessing = 0;
		};
/* End PBXFrameworksBuildPhase section */

/* Begin PBXGroup section */
		151AC18E2472595D00EAE0BD /* ZKCycleScrollView */ = {
			isa = PBXGroup;
			children = (
				151AC1912472595D00EAE0BD /* ZKCycleScrollView.h */,
				151AC1902472595D00EAE0BD /* ZKCycleScrollView.m */,
				151AC18F2472595D00EAE0BD /* ZKCycleScrollViewFlowLayout.h */,
				151AC1922472595D00EAE0BD /* ZKCycleScrollViewFlowLayout.m */,
			);
			path = ZKCycleScrollView;
			sourceTree = "<group>";
		};
		15263674246E771D00D01BE0 /* Home */ = {
			isa = PBXGroup;
			children = (
				15263675246E771D00D01BE0 /* M */,
				15263676246E771D00D01BE0 /* C */,
				15263686246E771D00D01BE0 /* V */,
			);
			path = Home;
			sourceTree = "<group>";
		};
		15263675246E771D00D01BE0 /* M */ = {
			isa = PBXGroup;
			children = (
			);
			path = M;
			sourceTree = "<group>";
		};
		15263676246E771D00D01BE0 /* C */ = {
			isa = PBXGroup;
			children = (
				15263682246E771D00D01BE0 /* MXZHomeVC.h */,
				1526367E246E771D00D01BE0 /* MXZHomeVC.m */,
				15263681246E771D00D01BE0 /* MXZHomeVC.xib */,
				1526367D246E771D00D01BE0 /* MXZHomeCalendarVC.h */,
				15263683246E771D00D01BE0 /* MXZHomeCalendarVC.m */,
				1526367A246E771D00D01BE0 /* MXZHomeCalendarVC.xib */,
				1526367B246E771D00D01BE0 /* MXZHomeExpressVC.h */,
				15263680246E771D00D01BE0 /* MXZHomeExpressVC.m */,
				15263678246E771D00D01BE0 /* MXZHomeExpressVC.xib */,
				15263679246E771D00D01BE0 /* MXZHomeIndustryVC.h */,
				1526367F246E771D00D01BE0 /* MXZHomeIndustryVC.m */,
				15263684246E771D00D01BE0 /* MXZHomeIndustryVC.xib */,
				15263685246E771D00D01BE0 /* MXZHomeQuoteVC.h */,
				1526367C246E771D00D01BE0 /* MXZHomeQuoteVC.m */,
				15263677246E771D00D01BE0 /* MXZHomeQuoteVC.xib */,
			);
			path = C;
			sourceTree = "<group>";
		};
		15263686246E771D00D01BE0 /* V */ = {
			isa = PBXGroup;
			children = (
				151AC196247259A400EAE0BD /* MXZHomeNavSearchView.xib */,
				151AC198247259A500EAE0BD /* MXZHomeFirstSectionCollectionViewCell.h */,
				151AC195247259A400EAE0BD /* MXZHomeFirstSectionCollectionViewCell.m */,
				151AC197247259A500EAE0BD /* MXZHomeFirstSectionCollectionViewCell.xib */,
				15263693246E771D00D01BE0 /* MXZHomeSecondSectionCell.h */,
				15263689246E771D00D01BE0 /* MXZHomeSecondSectionCell.m */,
				15263694246E771D00D01BE0 /* MXZHomeSecondSectionCell.xib */,
				15263691246E771D00D01BE0 /* MXZHomeSecondSectionFootView.xib */,
				1526368B246E771D00D01BE0 /* MXZHomeThirdSectionHeadView.xib */,
				1526368E246E771D00D01BE0 /* MXZHomeFourthSectionHeadView.xib */,
				15263695246E771D00D01BE0 /* MXZHomeFourthSectionCell.h */,
				1526368D246E771D00D01BE0 /* MXZHomeFourthSectionCell.m */,
				15263687246E771D00D01BE0 /* MXZHomeFourthSectionCell.xib */,
				15263692246E771D00D01BE0 /* MXZHomeFourthCollectionCell.h */,
				1526368A246E771D00D01BE0 /* MXZHomeFourthCollectionCell.m */,
				1526368C246E771D00D01BE0 /* MXZHomeFourthCollectionCell.xib */,
				15263688246E771D00D01BE0 /* MXZHomeFifthSectionCell.h */,
				1526368F246E771D00D01BE0 /* MXZHomeFifthSectionCell.m */,
				15263690246E771D00D01BE0 /* MXZHomeFifthSectionCell.xib */,
				151AC19C24726AAF00EAE0BD /* MXZIndustryTableViewCell.h */,
				151AC19D24726AAF00EAE0BD /* MXZIndustryTableViewCell.m */,
				151AC19E24726AAF00EAE0BD /* MXZIndustryTableViewCell.xib */,
			);
			path = V;
			sourceTree = "<group>";
		};
		154DFC572468F4AE0098498C = {
			isa = PBXGroup;
			children = (
				154DFC622468F4AE0098498C /* futures */,
				154DFC612468F4AE0098498C /* Products */,
				62A21DB450DE57663C7C6D12 /* Pods */,
				242461AB158F913307225D7E /* Frameworks */,
			);
			sourceTree = "<group>";
		};
		154DFC612468F4AE0098498C /* Products */ = {
			isa = PBXGroup;
			children = (
				154DFC602468F4AE0098498C /* futures.app */,
			);
			name = Products;
			sourceTree = "<group>";
		};
		154DFC622468F4AE0098498C /* futures */ = {
			isa = PBXGroup;
			children = (
				185AC2BA246E8C76006EC3E6 /* Publish */,
				185AC2B9246E8C6A006EC3E6 /* Mine */,
				185AC2B6246E8C20006EC3E6 /* Community */,
				185AC2AE246E8B60006EC3E6 /* Quote */,
				15263674246E771D00D01BE0 /* Home */,
				154DFC632468F4AE0098498C /* AppDelegate.h */,
				154DFC642468F4AE0098498C /* AppDelegate.m */,
				154DFC6F2468F4B00098498C /* Assets.xcassets */,
				154DFC712468F4B00098498C /* LaunchScreen.storyboard */,
				154DFC742468F4B00098498C /* Info.plist */,
				154DFC752468F4B00098498C /* main.m */,
				18B55133246BCBF500E80DEB /* SupportFile */,
			);
			path = futures;
			sourceTree = "<group>";
		};
		185AC2AE246E8B60006EC3E6 /* Quote */ = {
			isa = PBXGroup;
			children = (
				185AC2B1246E8B78006EC3E6 /* C */,
				185AC2B0246E8B73006EC3E6 /* V */,
				185AC2AF246E8B6F006EC3E6 /* M */,
			);
			path = Quote;
			sourceTree = "<group>";
		};
		185AC2AF246E8B6F006EC3E6 /* M */ = {
			isa = PBXGroup;
			children = (
			);
			path = M;
			sourceTree = "<group>";
		};
		185AC2B0246E8B73006EC3E6 /* V */ = {
			isa = PBXGroup;
			children = (
			);
			path = V;
			sourceTree = "<group>";
		};
		185AC2B1246E8B78006EC3E6 /* C */ = {
			isa = PBXGroup;
			children = (
				185AC29F246E87A6006EC3E6 /* ZZHQuoteCalendarVC.h */,
				185AC295246E87A5006EC3E6 /* ZZHQuoteCalendarVC.m */,
				185AC2A0246E87A7006EC3E6 /* ZZHQuoteCalendarVC.xib */,
				185AC296246E87A5006EC3E6 /* ZZHQuoteIndustryVC.h */,
				185AC29B246E87A6006EC3E6 /* ZZHQuoteIndustryVC.m */,
				185AC29C246E87A6006EC3E6 /* ZZHQuoteIndustryVC.xib */,
				185AC29E246E87A6006EC3E6 /* ZZHQuoteNewsVC.h */,
				185AC299246E87A6006EC3E6 /* ZZHQuoteNewsVC.m */,
				185AC29A246E87A6006EC3E6 /* ZZHQuoteNewsVC.xib */,
				185AC294246E87A5006EC3E6 /* ZZHQuotesVC.h */,
				185AC297246E87A5006EC3E6 /* ZZHQuotesVC.m */,
				185AC29D246E87A6006EC3E6 /* ZZHQuotesVC.xib */,
				185AC292246E87A5006EC3E6 /* ZZHQuoteTimeVC.h */,
				185AC298246E87A5006EC3E6 /* ZZHQuoteTimeVC.m */,
				185AC293246E87A5006EC3E6 /* ZZHQuoteTimeVC.xib */,
			);
			path = C;
			sourceTree = "<group>";
		};
		185AC2B5246E8BE8006EC3E6 /* Category */ = {
			isa = PBXGroup;
			children = (
				185901502469462800CA7A68 /* UIImage+OriginalImage.h */,
				185901512469462800CA7A68 /* UIImage+OriginalImage.m */,
				185AC2AB246E899D006EC3E6 /* UIColor+Hex.h */,
				185AC2AC246E899D006EC3E6 /* UIColor+Hex.m */,
			);
			path = Category;
			sourceTree = "<group>";
		};
		185AC2B6246E8C20006EC3E6 /* Community */ = {
			isa = PBXGroup;
			children = (
				18C2DE242473C95B00116E2E /* M */,
				18A5849024726CC600C0437F /* V */,
				185AC2B8246E8C3F006EC3E6 /* C */,
			);
			path = Community;
			sourceTree = "<group>";
		};
		185AC2B8246E8C3F006EC3E6 /* C */ = {
			isa = PBXGroup;
			children = (
				189BD81D246D45C300490E35 /* CommunityChildAVC.h */,
				189BD81E246D45C300490E35 /* CommunityChildAVC.m */,
				189BD81F246D45C300490E35 /* CommunityChildAVC.xib */,
				18AA2BBF246E23B1000801B1 /* CommunityChildBVC.h */,
				18AA2BC0246E23B1000801B1 /* CommunityChildBVC.m */,
				18AA2BC1246E23B1000801B1 /* CommunityChildBVC.xib */,
				18BD94F4247290D5005A84B5 /* CommunityVC.h */,
				18BD94F2247290D4005A84B5 /* CommunityVC.m */,
				18BD94F3247290D4005A84B5 /* CommunityVC.xib */,
			);
			path = C;
			sourceTree = "<group>";
		};
		185AC2B9246E8C6A006EC3E6 /* Mine */ = {
			isa = PBXGroup;
			children = (
				18B55134246BCC3900E80DEB /* M */,
				185AC2BC246E8C88006EC3E6 /* C */,
			);
			path = Mine;
			sourceTree = "<group>";
		};
		185AC2BA246E8C76006EC3E6 /* Publish */ = {
			isa = PBXGroup;
			children = (
				185AC2BB246E8C7F006EC3E6 /* C */,
			);
			path = Publish;
			sourceTree = "<group>";
		};
		185AC2BB246E8C7F006EC3E6 /* C */ = {
			isa = PBXGroup;
			children = (
				1859013E24692D8B00CA7A68 /* PublishVC.h */,
				1859013F24692D8B00CA7A68 /* PublishVC.m */,
				1859014024692D8B00CA7A68 /* PublishVC.xib */,
			);
			path = C;
			sourceTree = "<group>";
		};
		185AC2BC246E8C88006EC3E6 /* C */ = {
			isa = PBXGroup;
			children = (
				18590148246933DB00CA7A68 /* MineVC.h */,
				18590149246933DB00CA7A68 /* MineVC.m */,
				1859014A246933DB00CA7A68 /* MineVC.xib */,
			);
			path = C;
			sourceTree = "<group>";
		};
		185AC2BD246E8C98006EC3E6 /* Common */ = {
			isa = PBXGroup;
			children = (
				18A584832472544400C0437F /* ContentBaseViewController.h */,
				18A584842472544400C0437F /* ContentBaseViewController.m */,
				18A584852472544400C0437F /* ListViewController.h */,
				18A584862472544400C0437F /* ListViewController.m */,
				181F5034246B908500CCCBDB /* CustomTBC.h */,
				181F5035246B908500CCCBDB /* CustomTBC.m */,
			);
			path = Common;
			sourceTree = "<group>";
		};
		18A5848C2472552A00C0437F /* ThirdSDK */ = {
			isa = PBXGroup;
			children = (
				151AC18E2472595D00EAE0BD /* ZKCycleScrollView */,
			);
			path = ThirdSDK;
			sourceTree = "<group>";
		};
		18A5849024726CC600C0437F /* V */ = {
			isa = PBXGroup;
			children = (
				18A5849124726CDB00C0437F /* CommunityBannerCell.h */,
				18A5849224726CDB00C0437F /* CommunityBannerCell.m */,
				18C2DE152473788900116E2E /* CommunityBannerViewCell.h */,
				18C2DE162473788900116E2E /* CommunityBannerViewCell.m */,
				18C2DE172473788900116E2E /* CommunityBannerViewCell.xib */,
				18C2DE1A2473892E00116E2E /* CommunityTopicCell.h */,
				18C2DE1B2473892E00116E2E /* CommunityTopicCell.m */,
				18C2DE1C2473892E00116E2E /* CommunityTopicCell.xib */,
				18C2DE1F2473BB1C00116E2E /* CommunityTopicViewCell.h */,
				18C2DE202473BB1C00116E2E /* CommunityTopicViewCell.m */,
				18C2DE212473BB1C00116E2E /* CommunityTopicViewCell.xib */,
			);
			path = V;
			sourceTree = "<group>";
		};
		18B55133246BCBF500E80DEB /* SupportFile */ = {
			isa = PBXGroup;
			children = (
				18A5848C2472552A00C0437F /* ThirdSDK */,
				185AC2BD246E8C98006EC3E6 /* Common */,
				185AC2B5246E8BE8006EC3E6 /* Category */,
				18B55136246BCCDA00E80DEB /* PrefixHeader.pch */,
			);
			path = SupportFile;
			sourceTree = "<group>";
		};
		18B55134246BCC3900E80DEB /* M */ = {
			isa = PBXGroup;
			children = (
				189BD81A246D1B9400490E35 /* MineModel.h */,
				189BD81B246D1B9400490E35 /* MineModel.m */,
			);
			path = M;
			sourceTree = "<group>";
		};
		18C2DE242473C95B00116E2E /* M */ = {
			isa = PBXGroup;
			children = (
				18C2DE252473C97300116E2E /* CommunityTopicModel.h */,
				18C2DE262473C97300116E2E /* CommunityTopicModel.m */,
			);
			path = M;
			sourceTree = "<group>";
		};
		242461AB158F913307225D7E /* Frameworks */ = {
			isa = PBXGroup;
			children = (
				C66967DA234F0732F071AFCD /* Pods_futures.framework */,
			);
			name = Frameworks;
			sourceTree = "<group>";
		};
		62A21DB450DE57663C7C6D12 /* Pods */ = {
			isa = PBXGroup;
			children = (
				2918599DF26764A44CB6CA12 /* Pods-futures.debug.xcconfig */,
				1E8A6C0CB72502A19B418054 /* Pods-futures.release.xcconfig */,
			);
			path = Pods;
			sourceTree = "<group>";
		};
/* End PBXGroup section */

/* Begin PBXNativeTarget section */
		154DFC5F2468F4AE0098498C /* futures */ = {
			isa = PBXNativeTarget;
			buildConfigurationList = 154DFC792468F4B00098498C /* Build configuration list for PBXNativeTarget "futures" */;
			buildPhases = (
				00824A09F8DCC2EDC56D4EAC /* [CP] Check Pods Manifest.lock */,
				154DFC5C2468F4AE0098498C /* Sources */,
				154DFC5D2468F4AE0098498C /* Frameworks */,
				154DFC5E2468F4AE0098498C /* Resources */,
				D0751562B90231514DA1FD82 /* [CP] Embed Pods Frameworks */,
			);
			buildRules = (
			);
			dependencies = (
			);
			name = futures;
			productName = futures;
			productReference = 154DFC602468F4AE0098498C /* futures.app */;
			productType = "com.apple.product-type.application";
		};
/* End PBXNativeTarget section */

/* Begin PBXProject section */
		154DFC582468F4AE0098498C /* Project object */ = {
			isa = PBXProject;
			attributes = {
				LastUpgradeCheck = 1140;
				ORGANIZATIONNAME = Francis;
				TargetAttributes = {
					154DFC5F2468F4AE0098498C = {
						CreatedOnToolsVersion = 11.4.1;
					};
				};
			};
			buildConfigurationList = 154DFC5B2468F4AE0098498C /* Build configuration list for PBXProject "futures" */;
			compatibilityVersion = "Xcode 9.3";
			developmentRegion = en;
			hasScannedForEncodings = 0;
			knownRegions = (
				en,
				Base,
			);
			mainGroup = 154DFC572468F4AE0098498C;
			productRefGroup = 154DFC612468F4AE0098498C /* Products */;
			projectDirPath = "";
			projectRoot = "";
			targets = (
				154DFC5F2468F4AE0098498C /* futures */,
			);
		};
/* End PBXProject section */

/* Begin PBXResourcesBuildPhase section */
		154DFC5E2468F4AE0098498C /* Resources */ = {
			isa = PBXResourcesBuildPhase;
			buildActionMask = 2147483647;
			files = (
				152636A3246E771D00D01BE0 /* MXZHomeThirdSectionHeadView.xib in Resources */,
				152636A9246E771D00D01BE0 /* MXZHomeSecondSectionFootView.xib in Resources */,
				151AC19B247259A500EAE0BD /* MXZHomeFirstSectionCollectionViewCell.xib in Resources */,
				185AC2A8246E87A7006EC3E6 /* ZZHQuoteIndustryVC.xib in Resources */,
				185AC2A1246E87A7006EC3E6 /* ZZHQuoteTimeVC.xib in Resources */,
				15263698246E771D00D01BE0 /* MXZHomeCalendarVC.xib in Resources */,
				151AC1A024726AAF00EAE0BD /* MXZIndustryTableViewCell.xib in Resources */,
				185AC2AA246E87A7006EC3E6 /* ZZHQuoteCalendarVC.xib in Resources */,
				189BD821246D45C300490E35 /* CommunityChildAVC.xib in Resources */,
				151AC19A247259A500EAE0BD /* MXZHomeNavSearchView.xib in Resources */,
				152636A4246E771D00D01BE0 /* MXZHomeFourthCollectionCell.xib in Resources */,
				152636A8246E771D00D01BE0 /* MXZHomeFifthSectionCell.xib in Resources */,
				18C2DE232473BB1C00116E2E /* CommunityTopicViewCell.xib in Resources */,
				1859014224692D8B00CA7A68 /* PublishVC.xib in Resources */,
				15263697246E771D00D01BE0 /* MXZHomeExpressVC.xib in Resources */,
				18C2DE192473788900116E2E /* CommunityBannerViewCell.xib in Resources */,
				18BD94F6247290D5005A84B5 /* CommunityVC.xib in Resources */,
				154DFC732468F4B00098498C /* LaunchScreen.storyboard in Resources */,
				152636A0246E771D00D01BE0 /* MXZHomeFourthSectionCell.xib in Resources */,
				1526369F246E771D00D01BE0 /* MXZHomeIndustryVC.xib in Resources */,
				152636A6246E771D00D01BE0 /* MXZHomeFourthSectionHeadView.xib in Resources */,
				18C2DE1E2473892E00116E2E /* CommunityTopicCell.xib in Resources */,
				185AC2A9246E87A7006EC3E6 /* ZZHQuotesVC.xib in Resources */,
				154DFC702468F4B00098498C /* Assets.xcassets in Resources */,
				15263696246E771D00D01BE0 /* MXZHomeQuoteVC.xib in Resources */,
				1859014C246933DB00CA7A68 /* MineVC.xib in Resources */,
				18AA2BC3246E23B1000801B1 /* CommunityChildBVC.xib in Resources */,
				152636AA246E771D00D01BE0 /* MXZHomeSecondSectionCell.xib in Resources */,
				1526369D246E771D00D01BE0 /* MXZHomeVC.xib in Resources */,
				185AC2A6246E87A7006EC3E6 /* ZZHQuoteNewsVC.xib in Resources */,
			);
			runOnlyForDeploymentPostprocessing = 0;
		};
/* End PBXResourcesBuildPhase section */

/* Begin PBXShellScriptBuildPhase section */
		00824A09F8DCC2EDC56D4EAC /* [CP] Check Pods Manifest.lock */ = {
			isa = PBXShellScriptBuildPhase;
			buildActionMask = 2147483647;
			files = (
			);
			inputFileListPaths = (
			);
			inputPaths = (
				"${PODS_PODFILE_DIR_PATH}/Podfile.lock",
				"${PODS_ROOT}/Manifest.lock",
			);
			name = "[CP] Check Pods Manifest.lock";
			outputFileListPaths = (
			);
			outputPaths = (
				"$(DERIVED_FILE_DIR)/Pods-futures-checkManifestLockResult.txt",
			);
			runOnlyForDeploymentPostprocessing = 0;
			shellPath = /bin/sh;
			shellScript = "diff \"${PODS_PODFILE_DIR_PATH}/Podfile.lock\" \"${PODS_ROOT}/Manifest.lock\" > /dev/null\nif [ $? != 0 ] ; then\n    # print error to STDERR\n    echo \"error: The sandbox is not in sync with the Podfile.lock. Run 'pod install' or update your CocoaPods installation.\" >&2\n    exit 1\nfi\n# This output is used by Xcode 'outputs' to avoid re-running this script phase.\necho \"SUCCESS\" > \"${SCRIPT_OUTPUT_FILE_0}\"\n";
			showEnvVarsInLog = 0;
		};
		D0751562B90231514DA1FD82 /* [CP] Embed Pods Frameworks */ = {
			isa = PBXShellScriptBuildPhase;
			buildActionMask = 2147483647;
			files = (
			);
			inputFileListPaths = (
				"${PODS_ROOT}/Target Support Files/Pods-futures/Pods-futures-frameworks-${CONFIGURATION}-input-files.xcfilelist",
			);
			name = "[CP] Embed Pods Frameworks";
			outputFileListPaths = (
				"${PODS_ROOT}/Target Support Files/Pods-futures/Pods-futures-frameworks-${CONFIGURATION}-output-files.xcfilelist",
			);
			runOnlyForDeploymentPostprocessing = 0;
			shellPath = /bin/sh;
			shellScript = "\"${PODS_ROOT}/Target Support Files/Pods-futures/Pods-futures-frameworks.sh\"\n";
			showEnvVarsInLog = 0;
		};
/* End PBXShellScriptBuildPhase section */

/* Begin PBXSourcesBuildPhase section */
		154DFC5C2468F4AE0098498C /* Sources */ = {
			isa = PBXSourcesBuildPhase;
			buildActionMask = 2147483647;
			files = (
				185AC2A4246E87A7006EC3E6 /* ZZHQuoteTimeVC.m in Sources */,
				189BD820246D45C300490E35 /* CommunityChildAVC.m in Sources */,
				18A584882472544400C0437F /* ListViewController.m in Sources */,
				181F5036246B908500CCCBDB /* CustomTBC.m in Sources */,
				18C2DE222473BB1C00116E2E /* CommunityTopicViewCell.m in Sources */,
				152636A1246E771D00D01BE0 /* MXZHomeSecondSectionCell.m in Sources */,
				18AA2BC2246E23B1000801B1 /* CommunityChildBVC.m in Sources */,
				189BD81C246D1B9400490E35 /* MineModel.m in Sources */,
				18C2DE182473788900116E2E /* CommunityBannerViewCell.m in Sources */,
				185AC2A7246E87A7006EC3E6 /* ZZHQuoteIndustryVC.m in Sources */,
				18BD94F5247290D5005A84B5 /* CommunityVC.m in Sources */,
				151AC1942472595D00EAE0BD /* ZKCycleScrollViewFlowLayout.m in Sources */,
				15263699246E771D00D01BE0 /* MXZHomeQuoteVC.m in Sources */,
				18C2DE272473C97300116E2E /* CommunityTopicModel.m in Sources */,
				1526369E246E771D00D01BE0 /* MXZHomeCalendarVC.m in Sources */,
				154DFC652468F4AE0098498C /* AppDelegate.m in Sources */,
				152636A7246E771D00D01BE0 /* MXZHomeFifthSectionCell.m in Sources */,
				151AC19F24726AAF00EAE0BD /* MXZIndustryTableViewCell.m in Sources */,
				185AC2AD246E899D006EC3E6 /* UIColor+Hex.m in Sources */,
				152636A2246E771D00D01BE0 /* MXZHomeFourthCollectionCell.m in Sources */,
				151AC199247259A500EAE0BD /* MXZHomeFirstSectionCollectionViewCell.m in Sources */,
				1526369C246E771D00D01BE0 /* MXZHomeExpressVC.m in Sources */,
				185AC2A2246E87A7006EC3E6 /* ZZHQuoteCalendarVC.m in Sources */,
				1859014124692D8B00CA7A68 /* PublishVC.m in Sources */,
				1859014B246933DB00CA7A68 /* MineVC.m in Sources */,
				1526369A246E771D00D01BE0 /* MXZHomeVC.m in Sources */,
				18A584872472544400C0437F /* ContentBaseViewController.m in Sources */,
				185AC2A5246E87A7006EC3E6 /* ZZHQuoteNewsVC.m in Sources */,
				154DFC762468F4B00098498C /* main.m in Sources */,
				152636A5246E771D00D01BE0 /* MXZHomeFourthSectionCell.m in Sources */,
				1526369B246E771D00D01BE0 /* MXZHomeIndustryVC.m in Sources */,
				151AC1932472595D00EAE0BD /* ZKCycleScrollView.m in Sources */,
				18C2DE1D2473892E00116E2E /* CommunityTopicCell.m in Sources */,
				18A5849324726CDB00C0437F /* CommunityBannerCell.m in Sources */,
				185901522469462800CA7A68 /* UIImage+OriginalImage.m in Sources */,
				185AC2A3246E87A7006EC3E6 /* ZZHQuotesVC.m in Sources */,
			);
			runOnlyForDeploymentPostprocessing = 0;
		};
/* End PBXSourcesBuildPhase section */

/* Begin PBXVariantGroup section */
		154DFC712468F4B00098498C /* LaunchScreen.storyboard */ = {
			isa = PBXVariantGroup;
			children = (
				154DFC722468F4B00098498C /* Base */,
			);
			name = LaunchScreen.storyboard;
			sourceTree = "<group>";
		};
/* End PBXVariantGroup section */

/* Begin XCBuildConfiguration section */
		154DFC772468F4B00098498C /* Debug */ = {
			isa = XCBuildConfiguration;
			buildSettings = {
				ALWAYS_SEARCH_USER_PATHS = NO;
				CLANG_ANALYZER_NONNULL = YES;
				CLANG_ANALYZER_NUMBER_OBJECT_CONVERSION = YES_AGGRESSIVE;
				CLANG_CXX_LANGUAGE_STANDARD = "gnu++14";
				CLANG_CXX_LIBRARY = "libc++";
				CLANG_ENABLE_MODULES = YES;
				CLANG_ENABLE_OBJC_ARC = YES;
				CLANG_ENABLE_OBJC_WEAK = YES;
				CLANG_WARN_BLOCK_CAPTURE_AUTORELEASING = YES;
				CLANG_WARN_BOOL_CONVERSION = YES;
				CLANG_WARN_COMMA = YES;
				CLANG_WARN_CONSTANT_CONVERSION = YES;
				CLANG_WARN_DEPRECATED_OBJC_IMPLEMENTATIONS = YES;
				CLANG_WARN_DIRECT_OBJC_ISA_USAGE = YES_ERROR;
				CLANG_WARN_DOCUMENTATION_COMMENTS = YES;
				CLANG_WARN_EMPTY_BODY = YES;
				CLANG_WARN_ENUM_CONVERSION = YES;
				CLANG_WARN_INFINITE_RECURSION = YES;
				CLANG_WARN_INT_CONVERSION = YES;
				CLANG_WARN_NON_LITERAL_NULL_CONVERSION = YES;
				CLANG_WARN_OBJC_IMPLICIT_RETAIN_SELF = YES;
				CLANG_WARN_OBJC_LITERAL_CONVERSION = YES;
				CLANG_WARN_OBJC_ROOT_CLASS = YES_ERROR;
				CLANG_WARN_RANGE_LOOP_ANALYSIS = YES;
				CLANG_WARN_STRICT_PROTOTYPES = YES;
				CLANG_WARN_SUSPICIOUS_MOVE = YES;
				CLANG_WARN_UNGUARDED_AVAILABILITY = YES_AGGRESSIVE;
				CLANG_WARN_UNREACHABLE_CODE = YES;
				CLANG_WARN__DUPLICATE_METHOD_MATCH = YES;
				COPY_PHASE_STRIP = NO;
				DEBUG_INFORMATION_FORMAT = dwarf;
				ENABLE_STRICT_OBJC_MSGSEND = YES;
				ENABLE_TESTABILITY = YES;
				GCC_C_LANGUAGE_STANDARD = gnu11;
				GCC_DYNAMIC_NO_PIC = NO;
				GCC_NO_COMMON_BLOCKS = YES;
				GCC_OPTIMIZATION_LEVEL = 0;
				GCC_PREPROCESSOR_DEFINITIONS = (
					"DEBUG=1",
					"$(inherited)",
				);
				GCC_WARN_64_TO_32_BIT_CONVERSION = YES;
				GCC_WARN_ABOUT_RETURN_TYPE = YES_ERROR;
				GCC_WARN_UNDECLARED_SELECTOR = YES;
				GCC_WARN_UNINITIALIZED_AUTOS = YES_AGGRESSIVE;
				GCC_WARN_UNUSED_FUNCTION = YES;
				GCC_WARN_UNUSED_VARIABLE = YES;
				IPHONEOS_DEPLOYMENT_TARGET = 13.4;
				MTL_ENABLE_DEBUG_INFO = INCLUDE_SOURCE;
				MTL_FAST_MATH = YES;
				ONLY_ACTIVE_ARCH = YES;
				SDKROOT = iphoneos;
			};
			name = Debug;
		};
		154DFC782468F4B00098498C /* Release */ = {
			isa = XCBuildConfiguration;
			buildSettings = {
				ALWAYS_SEARCH_USER_PATHS = NO;
				CLANG_ANALYZER_NONNULL = YES;
				CLANG_ANALYZER_NUMBER_OBJECT_CONVERSION = YES_AGGRESSIVE;
				CLANG_CXX_LANGUAGE_STANDARD = "gnu++14";
				CLANG_CXX_LIBRARY = "libc++";
				CLANG_ENABLE_MODULES = YES;
				CLANG_ENABLE_OBJC_ARC = YES;
				CLANG_ENABLE_OBJC_WEAK = YES;
				CLANG_WARN_BLOCK_CAPTURE_AUTORELEASING = YES;
				CLANG_WARN_BOOL_CONVERSION = YES;
				CLANG_WARN_COMMA = YES;
				CLANG_WARN_CONSTANT_CONVERSION = YES;
				CLANG_WARN_DEPRECATED_OBJC_IMPLEMENTATIONS = YES;
				CLANG_WARN_DIRECT_OBJC_ISA_USAGE = YES_ERROR;
				CLANG_WARN_DOCUMENTATION_COMMENTS = YES;
				CLANG_WARN_EMPTY_BODY = YES;
				CLANG_WARN_ENUM_CONVERSION = YES;
				CLANG_WARN_INFINITE_RECURSION = YES;
				CLANG_WARN_INT_CONVERSION = YES;
				CLANG_WARN_NON_LITERAL_NULL_CONVERSION = YES;
				CLANG_WARN_OBJC_IMPLICIT_RETAIN_SELF = YES;
				CLANG_WARN_OBJC_LITERAL_CONVERSION = YES;
				CLANG_WARN_OBJC_ROOT_CLASS = YES_ERROR;
				CLANG_WARN_RANGE_LOOP_ANALYSIS = YES;
				CLANG_WARN_STRICT_PROTOTYPES = YES;
				CLANG_WARN_SUSPICIOUS_MOVE = YES;
				CLANG_WARN_UNGUARDED_AVAILABILITY = YES_AGGRESSIVE;
				CLANG_WARN_UNREACHABLE_CODE = YES;
				CLANG_WARN__DUPLICATE_METHOD_MATCH = YES;
				COPY_PHASE_STRIP = NO;
				DEBUG_INFORMATION_FORMAT = "dwarf-with-dsym";
				ENABLE_NS_ASSERTIONS = NO;
				ENABLE_STRICT_OBJC_MSGSEND = YES;
				GCC_C_LANGUAGE_STANDARD = gnu11;
				GCC_NO_COMMON_BLOCKS = YES;
				GCC_WARN_64_TO_32_BIT_CONVERSION = YES;
				GCC_WARN_ABOUT_RETURN_TYPE = YES_ERROR;
				GCC_WARN_UNDECLARED_SELECTOR = YES;
				GCC_WARN_UNINITIALIZED_AUTOS = YES_AGGRESSIVE;
				GCC_WARN_UNUSED_FUNCTION = YES;
				GCC_WARN_UNUSED_VARIABLE = YES;
				IPHONEOS_DEPLOYMENT_TARGET = 13.4;
				MTL_ENABLE_DEBUG_INFO = NO;
				MTL_FAST_MATH = YES;
				SDKROOT = iphoneos;
				VALIDATE_PRODUCT = YES;
			};
			name = Release;
		};
		154DFC7A2468F4B00098498C /* Debug */ = {
			isa = XCBuildConfiguration;
			baseConfigurationReference = 2918599DF26764A44CB6CA12 /* Pods-futures.debug.xcconfig */;
			buildSettings = {
				ASSETCATALOG_COMPILER_APPICON_NAME = AppIcon;
				CODE_SIGN_STYLE = Automatic;
				DEVELOPMENT_TEAM = A84QXBXH2V;
				GCC_PRECOMPILE_PREFIX_HEADER = YES;
				GCC_PREFIX_HEADER = futures/SupportFile/PrefixHeader.pch;
				INFOPLIST_FILE = futures/Info.plist;
				LD_RUNPATH_SEARCH_PATHS = (
					"$(inherited)",
					"@executable_path/Frameworks",
				);
				PRODUCT_BUNDLE_IDENTIFIER = mo.futures;
				PRODUCT_NAME = "$(TARGET_NAME)";
				TARGETED_DEVICE_FAMILY = 1;
			};
			name = Debug;
		};
		154DFC7B2468F4B00098498C /* Release */ = {
			isa = XCBuildConfiguration;
			baseConfigurationReference = 1E8A6C0CB72502A19B418054 /* Pods-futures.release.xcconfig */;
			buildSettings = {
				ASSETCATALOG_COMPILER_APPICON_NAME = AppIcon;
				CODE_SIGN_STYLE = Automatic;
				DEVELOPMENT_TEAM = A84QXBXH2V;
				GCC_PRECOMPILE_PREFIX_HEADER = YES;
				GCC_PREFIX_HEADER = futures/SupportFile/PrefixHeader.pch;
				INFOPLIST_FILE = futures/Info.plist;
				LD_RUNPATH_SEARCH_PATHS = (
					"$(inherited)",
					"@executable_path/Frameworks",
				);
				PRODUCT_BUNDLE_IDENTIFIER = mo.futures;
				PRODUCT_NAME = "$(TARGET_NAME)";
				TARGETED_DEVICE_FAMILY = 1;
			};
			name = Release;
		};
/* End XCBuildConfiguration section */

/* Begin XCConfigurationList section */
		154DFC5B2468F4AE0098498C /* Build configuration list for PBXProject "futures" */ = {
			isa = XCConfigurationList;
			buildConfigurations = (
				154DFC772468F4B00098498C /* Debug */,
				154DFC782468F4B00098498C /* Release */,
			);
			defaultConfigurationIsVisible = 0;
			defaultConfigurationName = Release;
		};
		154DFC792468F4B00098498C /* Build configuration list for PBXNativeTarget "futures" */ = {
			isa = XCConfigurationList;
			buildConfigurations = (
				154DFC7A2468F4B00098498C /* Debug */,
				154DFC7B2468F4B00098498C /* Release */,
			);
			defaultConfigurationIsVisible = 0;
			defaultConfigurationName = Release;
		};
/* End XCConfigurationList section */
	};
	rootObject = 154DFC582468F4AE0098498C /* Project object */;
}
