// !$*UTF8*$!
{
	archiveVersion = 1;
	classes = {
	};
	objectVersion = 50;
	objects = {

/* Begin PBXBuildFile section */
		154DFC652468F4AE0098498C /* AppDelegate.m in Sources */ = {isa = PBXBuildFile; fileRef = 154DFC642468F4AE0098498C /* AppDelegate.m */; };
		154DFC682468F4AE0098498C /* SceneDelegate.m in Sources */ = {isa = PBXBuildFile; fileRef = 154DFC672468F4AE0098498C /* SceneDelegate.m */; };
		154DFC6B2468F4AE0098498C /* ViewController.m in Sources */ = {isa = PBXBuildFile; fileRef = 154DFC6A2468F4AE0098498C /* ViewController.m */; };
		154DFC6E2468F4AE0098498C /* Main.storyboard in Resources */ = {isa = PBXBuildFile; fileRef = 154DFC6C2468F4AE0098498C /* Main.storyboard */; };
		154DFC702468F4B00098498C /* Assets.xcassets in Resources */ = {isa = PBXBuildFile; fileRef = 154DFC6F2468F4B00098498C /* Assets.xcassets */; };
		154DFC732468F4B00098498C /* LaunchScreen.storyboard in Resources */ = {isa = PBXBuildFile; fileRef = 154DFC712468F4B00098498C /* LaunchScreen.storyboard */; };
		154DFC762468F4B00098498C /* main.m in Sources */ = {isa = PBXBuildFile; fileRef = 154DFC752468F4B00098498C /* main.m */; };
/* End PBXBuildFile section */

/* Begin PBXFileReference section */
		154DFC602468F4AE0098498C /* futures.app */ = {isa = PBXFileReference; explicitFileType = wrapper.application; includeInIndex = 0; path = futures.app; sourceTree = BUILT_PRODUCTS_DIR; };
		154DFC632468F4AE0098498C /* AppDelegate.h */ = {isa = PBXFileReference; lastKnownFileType = sourcecode.c.h; path = AppDelegate.h; sourceTree = "<group>"; };
		154DFC642468F4AE0098498C /* AppDelegate.m */ = {isa = PBXFileReference; lastKnownFileType = sourcecode.c.objc; path = AppDelegate.m; sourceTree = "<group>"; };
		154DFC662468F4AE0098498C /* SceneDelegate.h */ = {isa = PBXFileReference; lastKnownFileType = sourcecode.c.h; path = SceneDelegate.h; sourceTree = "<group>"; };
		154DFC672468F4AE0098498C /* SceneDelegate.m */ = {isa = PBXFileReference; lastKnownFileType = sourcecode.c.objc; path = SceneDelegate.m; sourceTree = "<group>"; };
		154DFC692468F4AE0098498C /* ViewController.h */ = {isa = PBXFileReference; lastKnownFileType = sourcecode.c.h; path = ViewController.h; sourceTree = "<group>"; };
		154DFC6A2468F4AE0098498C /* ViewController.m */ = {isa = PBXFileReference; lastKnownFileType = sourcecode.c.objc; path = ViewController.m; sourceTree = "<group>"; };
		154DFC6D2468F4AE0098498C /* Base */ = {isa = PBXFileReference; lastKnownFileType = file.storyboard; name = Base; path = Base.lproj/Main.storyboard; sourceTree = "<group>"; };
		154DFC6F2468F4B00098498C /* Assets.xcassets */ = {isa = PBXFileReference; lastKnownFileType = folder.assetcatalog; path = Assets.xcassets; sourceTree = "<group>"; };
		154DFC722468F4B00098498C /* Base */ = {isa = PBXFileReference; lastKnownFileType = file.storyboard; name = Base; path = Base.lproj/LaunchScreen.storyboard; sourceTree = "<group>"; };
		154DFC742468F4B00098498C /* Info.plist */ = {isa = PBXFileReference; lastKnownFileType = text.plist.xml; path = Info.plist; sourceTree = "<group>"; };
		154DFC752468F4B00098498C /* main.m */ = {isa = PBXFileReference; lastKnownFileType = sourcecode.c.objc; path = main.m; sourceTree = "<group>"; };
/* End PBXFileReference section */

/* Begin PBXFrameworksBuildPhase section */
		154DFC5D2468F4AE0098498C /* Frameworks */ = {
			isa = PBXFrameworksBuildPhase;
			buildActionMask = 2147483647;
			files = (
			);
			runOnlyForDeploymentPostprocessing = 0;
		};
/* End PBXFrameworksBuildPhase section */

/* Begin PBXGroup section */
		154DFC572468F4AE0098498C = {
			isa = PBXGroup;
			children = (
				154DFC622468F4AE0098498C /* futures */,
				154DFC612468F4AE0098498C /* Products */,
			);
			sourceTree = "<group>";
		};
		154DFC612468F4AE0098498C /* Products */ = {
			isa = PBXGroup;
			children = (
				154DFC602468F4AE0098498C /* futures.app */,
			);
			name = Products;
			sourceTree = "<group>";
		};
		154DFC622468F4AE0098498C /* futures */ = {
			isa = PBXGroup;
			children = (
				154DFC632468F4AE0098498C /* AppDelegate.h */,
				154DFC642468F4AE0098498C /* AppDelegate.m */,
				154DFC662468F4AE0098498C /* SceneDelegate.h */,
				154DFC672468F4AE0098498C /* SceneDelegate.m */,
				154DFC692468F4AE0098498C /* ViewController.h */,
				154DFC6A2468F4AE0098498C /* ViewController.m */,
				154DFC6C2468F4AE0098498C /* Main.storyboard */,
				154DFC6F2468F4B00098498C /* Assets.xcassets */,
				154DFC712468F4B00098498C /* LaunchScreen.storyboard */,
				154DFC742468F4B00098498C /* Info.plist */,
				154DFC752468F4B00098498C /* main.m */,
			);
			path = futures;
			sourceTree = "<group>";
		};
/* End PBXGroup section */

/* Begin PBXNativeTarget section */
		154DFC5F2468F4AE0098498C /* futures */ = {
			isa = PBXNativeTarget;
			buildConfigurationList = 154DFC792468F4B00098498C /* Build configuration list for PBXNativeTarget "futures" */;
			buildPhases = (
				154DFC5C2468F4AE0098498C /* Sources */,
				154DFC5D2468F4AE0098498C /* Frameworks */,
				154DFC5E2468F4AE0098498C /* Resources */,
			);
			buildRules = (
			);
			dependencies = (
			);
			name = futures;
			productName = futures;
			productReference = 154DFC602468F4AE0098498C /* futures.app */;
			productType = "com.apple.product-type.application";
		};
/* End PBXNativeTarget section */

/* Begin PBXProject section */
		154DFC582468F4AE0098498C /* Project object */ = {
			isa = PBXProject;
			attributes = {
				LastUpgradeCheck = 1140;
				ORGANIZATIONNAME = Francis;
				TargetAttributes = {
					154DFC5F2468F4AE0098498C = {
						CreatedOnToolsVersion = 11.4.1;
					};
				};
			};
			buildConfigurationList = 154DFC5B2468F4AE0098498C /* Build configuration list for PBXProject "futures" */;
			compatibilityVersion = "Xcode 9.3";
			developmentRegion = en;
			hasScannedForEncodings = 0;
			knownRegions = (
				en,
				Base,
			);
			mainGroup = 154DFC572468F4AE0098498C;
			productRefGroup = 154DFC612468F4AE0098498C /* Products */;
			projectDirPath = "";
			projectRoot = "";
			targets = (
				154DFC5F2468F4AE0098498C /* futures */,
			);
		};
/* End PBXProject section */

/* Begin PBXResourcesBuildPhase section */
		154DFC5E2468F4AE0098498C /* Resources */ = {
			isa = PBXResourcesBuildPhase;
			buildActionMask = 2147483647;
			files = (
				154DFC732468F4B00098498C /* LaunchScreen.storyboard in Resources */,
				154DFC702468F4B00098498C /* Assets.xcassets in Resources */,
				154DFC6E2468F4AE0098498C /* Main.storyboard in Resources */,
			);
			runOnlyForDeploymentPostprocessing = 0;
		};
/* End PBXResourcesBuildPhase section */

/* Begin PBXSourcesBuildPhase section */
		154DFC5C2468F4AE0098498C /* Sources */ = {
			isa = PBXSourcesBuildPhase;
			buildActionMask = 2147483647;
			files = (
				154DFC6B2468F4AE0098498C /* ViewController.m in Sources */,
				154DFC652468F4AE0098498C /* AppDelegate.m in Sources */,
				154DFC762468F4B00098498C /* main.m in Sources */,
				154DFC682468F4AE0098498C /* SceneDelegate.m in Sources */,
			);
			runOnlyForDeploymentPostprocessing = 0;
		};
/* End PBXSourcesBuildPhase section */

/* Begin PBXVariantGroup section */
		154DFC6C2468F4AE0098498C /* Main.storyboard */ = {
			isa = PBXVariantGroup;
			children = (
				154DFC6D2468F4AE0098498C /* Base */,
			);
			name = Main.storyboard;
			sourceTree = "<group>";
		};
		154DFC712468F4B00098498C /* LaunchScreen.storyboard */ = {
			isa = PBXVariantGroup;
			children = (
				154DFC722468F4B00098498C /* Base */,
			);
			name = LaunchScreen.storyboard;
			sourceTree = "<group>";
		};
/* End PBXVariantGroup section */

/* Begin XCBuildConfiguration section */
		154DFC772468F4B00098498C /* Debug */ = {
			isa = XCBuildConfiguration;
			buildSettings = {
				ALWAYS_SEARCH_USER_PATHS = NO;
				CLANG_ANALYZER_NONNULL = YES;
				CLANG_ANALYZER_NUMBER_OBJECT_CONVERSION = YES_AGGRESSIVE;
				CLANG_CXX_LANGUAGE_STANDARD = "gnu++14";
				CLANG_CXX_LIBRARY = "libc++";
				CLANG_ENABLE_MODULES = YES;
				CLANG_ENABLE_OBJC_ARC = YES;
				CLANG_ENABLE_OBJC_WEAK = YES;
				CLANG_WARN_BLOCK_CAPTURE_AUTORELEASING = YES;
				CLANG_WARN_BOOL_CONVERSION = YES;
				CLANG_WARN_COMMA = YES;
				CLANG_WARN_CONSTANT_CONVERSION = YES;
				CLANG_WARN_DEPRECATED_OBJC_IMPLEMENTATIONS = YES;
				CLANG_WARN_DIRECT_OBJC_ISA_USAGE = YES_ERROR;
				CLANG_WARN_DOCUMENTATION_COMMENTS = YES;
				CLANG_WARN_EMPTY_BODY = YES;
				CLANG_WARN_ENUM_CONVERSION = YES;
				CLANG_WARN_INFINITE_RECURSION = YES;
				CLANG_WARN_INT_CONVERSION = YES;
				CLANG_WARN_NON_LITERAL_NULL_CONVERSION = YES;
				CLANG_WARN_OBJC_IMPLICIT_RETAIN_SELF = YES;
				CLANG_WARN_OBJC_LITERAL_CONVERSION = YES;
				CLANG_WARN_OBJC_ROOT_CLASS = YES_ERROR;
				CLANG_WARN_RANGE_LOOP_ANALYSIS = YES;
				CLANG_WARN_STRICT_PROTOTYPES = YES;
				CLANG_WARN_SUSPICIOUS_MOVE = YES;
				CLANG_WARN_UNGUARDED_AVAILABILITY = YES_AGGRESSIVE;
				CLANG_WARN_UNREACHABLE_CODE = YES;
				CLANG_WARN__DUPLICATE_METHOD_MATCH = YES;
				COPY_PHASE_STRIP = NO;
				DEBUG_INFORMATION_FORMAT = dwarf;
				ENABLE_STRICT_OBJC_MSGSEND = YES;
				ENABLE_TESTABILITY = YES;
				GCC_C_LANGUAGE_STANDARD = gnu11;
				GCC_DYNAMIC_NO_PIC = NO;
				GCC_NO_COMMON_BLOCKS = YES;
				GCC_OPTIMIZATION_LEVEL = 0;
				GCC_PREPROCESSOR_DEFINITIONS = (
					"DEBUG=1",
					"$(inherited)",
				);
				GCC_WARN_64_TO_32_BIT_CONVERSION = YES;
				GCC_WARN_ABOUT_RETURN_TYPE = YES_ERROR;
				GCC_WARN_UNDECLARED_SELECTOR = YES;
				GCC_WARN_UNINITIALIZED_AUTOS = YES_AGGRESSIVE;
				GCC_WARN_UNUSED_FUNCTION = YES;
				GCC_WARN_UNUSED_VARIABLE = YES;
				IPHONEOS_DEPLOYMENT_TARGET = 13.4;
				MTL_ENABLE_DEBUG_INFO = INCLUDE_SOURCE;
				MTL_FAST_MATH = YES;
				ONLY_ACTIVE_ARCH = YES;
				SDKROOT = iphoneos;
			};
			name = Debug;
		};
		154DFC782468F4B00098498C /* Release */ = {
			isa = XCBuildConfiguration;
			buildSettings = {
				ALWAYS_SEARCH_USER_PATHS = NO;
				CLANG_ANALYZER_NONNULL = YES;
				CLANG_ANALYZER_NUMBER_OBJECT_CONVERSION = YES_AGGRESSIVE;
				CLANG_CXX_LANGUAGE_STANDARD = "gnu++14";
				CLANG_CXX_LIBRARY = "libc++";
				CLANG_ENABLE_MODULES = YES;
				CLANG_ENABLE_OBJC_ARC = YES;
				CLANG_ENABLE_OBJC_WEAK = YES;
				CLANG_WARN_BLOCK_CAPTURE_AUTORELEASING = YES;
				CLANG_WARN_BOOL_CONVERSION = YES;
				CLANG_WARN_COMMA = YES;
				CLANG_WARN_CONSTANT_CONVERSION = YES;
				CLANG_WARN_DEPRECATED_OBJC_IMPLEMENTATIONS = YES;
				CLANG_WARN_DIRECT_OBJC_ISA_USAGE = YES_ERROR;
				CLANG_WARN_DOCUMENTATION_COMMENTS = YES;
				CLANG_WARN_EMPTY_BODY = YES;
				CLANG_WARN_ENUM_CONVERSION = YES;
				CLANG_WARN_INFINITE_RECURSION = YES;
				CLANG_WARN_INT_CONVERSION = YES;
				CLANG_WARN_NON_LITERAL_NULL_CONVERSION = YES;
				CLANG_WARN_OBJC_IMPLICIT_RETAIN_SELF = YES;
				CLANG_WARN_OBJC_LITERAL_CONVERSION = YES;
				CLANG_WARN_OBJC_ROOT_CLASS = YES_ERROR;
				CLANG_WARN_RANGE_LOOP_ANALYSIS = YES;
				CLANG_WARN_STRICT_PROTOTYPES = YES;
				CLANG_WARN_SUSPICIOUS_MOVE = YES;
				CLANG_WARN_UNGUARDED_AVAILABILITY = YES_AGGRESSIVE;
				CLANG_WARN_UNREACHABLE_CODE = YES;
				CLANG_WARN__DUPLICATE_METHOD_MATCH = YES;
				COPY_PHASE_STRIP = NO;
				DEBUG_INFORMATION_FORMAT = "dwarf-with-dsym";
				ENABLE_NS_ASSERTIONS = NO;
				ENABLE_STRICT_OBJC_MSGSEND = YES;
				GCC_C_LANGUAGE_STANDARD = gnu11;
				GCC_NO_COMMON_BLOCKS = YES;
				GCC_WARN_64_TO_32_BIT_CONVERSION = YES;
				GCC_WARN_ABOUT_RETURN_TYPE = YES_ERROR;
				GCC_WARN_UNDECLARED_SELECTOR = YES;
				GCC_WARN_UNINITIALIZED_AUTOS = YES_AGGRESSIVE;
				GCC_WARN_UNUSED_FUNCTION = YES;
				GCC_WARN_UNUSED_VARIABLE = YES;
				IPHONEOS_DEPLOYMENT_TARGET = 13.4;
				MTL_ENABLE_DEBUG_INFO = NO;
				MTL_FAST_MATH = YES;
				SDKROOT = iphoneos;
				VALIDATE_PRODUCT = YES;
			};
			name = Release;
		};
		154DFC7A2468F4B00098498C /* Debug */ = {
			isa = XCBuildConfiguration;
			buildSettings = {
				ASSETCATALOG_COMPILER_APPICON_NAME = AppIcon;
				CODE_SIGN_STYLE = Automatic;
				INFOPLIST_FILE = futures/Info.plist;
				LD_RUNPATH_SEARCH_PATHS = (
					"$(inherited)",
					"@executable_path/Frameworks",
				);
				PRODUCT_BUNDLE_IDENTIFIER = mo.futures;
				PRODUCT_NAME = "$(TARGET_NAME)";
				TARGETED_DEVICE_FAMILY = "1,2";
			};
			name = Debug;
		};
		154DFC7B2468F4B00098498C /* Release */ = {
			isa = XCBuildConfiguration;
			buildSettings = {
				ASSETCATALOG_COMPILER_APPICON_NAME = AppIcon;
				CODE_SIGN_STYLE = Automatic;
				INFOPLIST_FILE = futures/Info.plist;
				LD_RUNPATH_SEARCH_PATHS = (
					"$(inherited)",
					"@executable_path/Frameworks",
				);
				PRODUCT_BUNDLE_IDENTIFIER = mo.futures;
				PRODUCT_NAME = "$(TARGET_NAME)";
				TARGETED_DEVICE_FAMILY = "1,2";
			};
			name = Release;
		};
/* End XCBuildConfiguration section */

/* Begin XCConfigurationList section */
		154DFC5B2468F4AE0098498C /* Build configuration list for PBXProject "futures" */ = {
			isa = XCConfigurationList;
			buildConfigurations = (
				154DFC772468F4B00098498C /* Debug */,
				154DFC782468F4B00098498C /* Release */,
			);
			defaultConfigurationIsVisible = 0;
			defaultConfigurationName = Release;
		};
		154DFC792468F4B00098498C /* Build configuration list for PBXNativeTarget "futures" */ = {
			isa = XCConfigurationList;
			buildConfigurations = (
				154DFC7A2468F4B00098498C /* Debug */,
				154DFC7B2468F4B00098498C /* Release */,
			);
			defaultConfigurationIsVisible = 0;
			defaultConfigurationName = Release;
		};
/* End XCConfigurationList section */
	};
	rootObject = 154DFC582468F4AE0098498C /* Project object */;
}
